
Microsoft Visual Studio Solution File, Format Version 12.00
# Visual Studio 14
VisualStudioVersion = 14.0.25420.1
MinimumVisualStudioVersion = 10.0.40219.1
Project("{FAE04EC0-301F-11D3-BF4B-00C04F79EFBC}") = "Amoeba", "Amoeba.csproj", "{8FA6AC03-2536-428A-843F-9D09234F2F4F}"
EndProject
Project("{2150E333-8FDC-42A3-9474-1A3956D46DE8}") = "T4", "T4", "{F9C1CAE1-28BA-4B63-A3ED-ED41C2184E4C}"
EndProject
Project("{2150E333-8FDC-42A3-9474-1A3956D46DE8}") = "DataLayer", "DataLayer", "{0A08D15E-FDC2-47DD-9040-ECE79AE3EE59}"
EndProject
Project("{2150E333-8FDC-42A3-9474-1A3956D46DE8}") = "PresentationLayer", "PresentationLayer", "{9F045AA7-6B67-405B-AFA1-5845520366C6}"
EndProject
Project("{FAE04EC0-301F-11D3-BF4B-00C04F79EFBC}") = "EF.DBContext", "..\EFDataContext\EF.DBContext.csproj", "{27C692A7-9601-43FB-8243-42B997107649}"
EndProject
Project("{FAE04EC0-301F-11D3-BF4B-00C04F79EFBC}") = "EF.Entities", "..\EFEntities\EF.Entities.csproj", "{FAD2A8C8-A1B4-4A3C-8E37-0388C0E3733C}"
EndProject
Project("{FAE04EC0-301F-11D3-BF4B-00C04F79EFBC}") = "T4 Entities", "..\..\T4 Entities\T4 Entities.csproj", "{492D62C4-38C5-46CA-880E-6817EA791069}"
EndProject
Project("{FAE04EC0-301F-11D3-BF4B-00C04F79EFBC}") = "T4 Repository", "..\..\T4 Repository\T4 Repository.csproj", "{F321D5AD-2A83-47CE-98C3-7442E0552CE5}"
EndProject
Project("{FAE04EC0-301F-11D3-BF4B-00C04F79EFBC}") = "T4 Templates", "..\..\T4 Templates\T4 Templates.csproj", "{44130F44-350C-41EA-B6F4-5FEE5D11918B}"
EndProject
Project("{2150E333-8FDC-42A3-9474-1A3956D46DE8}") = "Interfaces", "Interfaces", "{6ACE7FD6-6362-4221-92DD-F3C63C03ABAF}"
EndProject
Project("{FAE04EC0-301F-11D3-BF4B-00C04F79EFBC}") = "Interfaces", "..\Interfaces\Interfaces.csproj", "{AD573873-C8E6-4EA3-93F5-0D39A92FC9F6}"
EndProject
Project("{2150E333-8FDC-42A3-9474-1A3956D46DE8}") = "Revolution", "Revolution", "{2F8CD8FE-F916-4D39-893A-7F9034495626}"
EndProject
Project("{2150E333-8FDC-42A3-9474-1A3956D46DE8}") = "DataLayer", "DataLayer", "{CD59C600-A33F-4C92-8B0F-08A96077146C}"
EndProject
Project("{2150E333-8FDC-42A3-9474-1A3956D46DE8}") = "Interfaces", "Interfaces", "{00132900-84C2-45BC-B421-B45218EB0B45}"
EndProject
Project("{FAE04EC0-301F-11D3-BF4B-00C04F79EFBC}") = "DataInterfaces", "..\..\..\Revolution\DataInterfaces\DataInterfaces.csproj", "{F6008330-BA42-454B-A0B4-82455DE56776}"
EndProject
Project("{2150E333-8FDC-42A3-9474-1A3956D46DE8}") = "CodeLibary", "CodeLibary", "{367B2901-F478-4632-B455-6EAA9811A48D}"
EndProject
Project("{FAE04EC0-301F-11D3-BF4B-00C04F79EFBC}") = "CodeLibary", "..\..\..\..\Core.Common\CodeLibary\CodeLibary\CodeLibary.csproj", "{20FA02F3-C3C7-4FC0-838D-47F5AFE8F09F}"
EndProject
Project("{FAE04EC0-301F-11D3-BF4B-00C04F79EFBC}") = "Converters", "..\..\..\Revolution\Converters\Converters.csproj", "{B7F58070-3C58-46AF-95D1-6FC0D99D48EE}"
EndProject
Project("{FAE04EC0-301F-11D3-BF4B-00C04F79EFBC}") = "ViewModels", "..\ViewModels\ViewModels.csproj", "{C4AC8652-59F0-4FC9-A0A1-303A009DA9B0}"
EndProject
Project("{2150E333-8FDC-42A3-9474-1A3956D46DE8}") = "Common", "Common", "{890886A4-A556-468A-91D2-CAB4FAE2E3BA}"
EndProject
Project("{FAE04EC0-301F-11D3-BF4B-00C04F79EFBC}") = "Core.Common.UI", "..\..\..\Revolution\Core.Common.UI\Core.Common.UI.csproj", "{5DD82AD7-F344-45E3-92CC-96F8D07700AF}"
EndProject
Project("{FAE04EC0-301F-11D3-BF4B-00C04F79EFBC}") = "Common", "..\..\..\Revolution\Common\Common.csproj", "{CB6D5FBC-0C13-437D-B4F3-A0EC4D5673B3}"
EndProject
Project("{2150E333-8FDC-42A3-9474-1A3956D46DE8}") = "Messages", "Messages", "{30E67492-E281-49FE-BCB9-EACB6DFE2E3C}"
EndProject
Project("{FAE04EC0-301F-11D3-BF4B-00C04F79EFBC}") = "CommonMessages", "..\..\..\Revolution\CommonMessages\CommonMessages.csproj", "{77007560-89DC-4E1F-9313-AE064A048AD4}"
EndProject
Project("{2150E333-8FDC-42A3-9474-1A3956D46DE8}") = "Infrastructure", "Infrastructure", "{D474E3A9-3301-4ED4-9472-7F132FB68F80}"
EndProject
Project("{FAE04EC0-301F-11D3-BF4B-00C04F79EFBC}") = "EventAggregator", "..\..\..\Revolution\EventAggregator\EventAggregator.csproj", "{31E6B370-01F0-4489-832F-436CB97A6718}"
EndProject
Project("{FAE04EC0-301F-11D3-BF4B-00C04F79EFBC}") = "ViewMessages", "..\..\..\Revolution\ViewMessages\ViewMessages.csproj", "{EB1E2E94-D6FB-49DF-8036-9BF910E3B7AA}"
EndProject
Project("{FAE04EC0-301F-11D3-BF4B-00C04F79EFBC}") = "SystemMessages", "..\..\..\Revolution\SystemMessages\SystemMessages.csproj", "{2C88291E-05EB-4BE9-8B33-18F9D56CF928}"
EndProject
Project("{FAE04EC0-301F-11D3-BF4B-00C04F79EFBC}") = "DataMessages", "..\..\..\Revolution\DataMessages\DataMessages.csproj", "{78F76C1D-BAF2-4AC1-A05F-A8A7B4A3B95E}"
EndProject
Project("{FAE04EC0-301F-11D3-BF4B-00C04F79EFBC}") = "EventMessages", "..\..\..\Revolution\EventMessages\EventMessages.csproj", "{E3D04176-3758-4C9D-84F3-7A4D3859EAE5}"
EndProject
Project("{FAE04EC0-301F-11D3-BF4B-00C04F79EFBC}") = "ActorSystem", "..\..\..\Revolution\ActorSystem\ActorSystem.csproj", "{338FEFD0-B7FA-46DB-8041-C5ED7778E6C0}"
EndProject
Project("{FAE04EC0-301F-11D3-BF4B-00C04F79EFBC}") = "BootStrapper", "..\..\..\Revolution\BootStrapper\BootStrapper.csproj", "{5DFEEA8B-BABA-4544-BF36-0A76A0D10C1B}"
EndProject
Project("{FAE04EC0-301F-11D3-BF4B-00C04F79EFBC}") = "Logging", "..\..\..\Revolution\Logging\Logging.csproj", "{459C400C-CC7C-4A97-9D0F-05A61EB4F7C8}"
EndProject
Project("{FAE04EC0-301F-11D3-BF4B-00C04F79EFBC}") = "Utilities", "..\..\..\Revolution\Utilities\Utilities.csproj", "{0F9427B1-792E-4C35-97D8-22A9494CE28F}"
EndProject
Project("{FAE04EC0-301F-11D3-BF4B-00C04F79EFBC}") = "SystemInterfaces", "..\..\..\Revolution\SystemInterfaces\SystemInterfaces.csproj", "{E3842263-E081-49BA-A1B4-BBE82B24E2DB}"
EndProject
Project("{FAE04EC0-301F-11D3-BF4B-00C04F79EFBC}") = "ViewModel.Interfaces", "..\..\..\Revolution\ViewModel.Interfaces\ViewModel.Interfaces.csproj", "{2F936E24-723E-4E7A-B21C-D6F618C74651}"
EndProject
Project("{FAE04EC0-301F-11D3-BF4B-00C04F79EFBC}") = "DataTemplates", "..\DataTemplates\DataTemplates.csproj", "{C93BB83A-9DF6-4707-8978-B2668B4B9E03}"
EndProject
Project("{FAE04EC0-301F-11D3-BF4B-00C04F79EFBC}") = "Views", "..\Views\Views.csproj", "{879C9901-CB5C-407A-8655-E3C3632C1D7B}"
EndProject
Project("{FAE04EC0-301F-11D3-BF4B-00C04F79EFBC}") = "DataServices", "..\..\..\Revolution\DataServices\DataServices.csproj", "{320107B2-D414-434B-AE0D-4D9F18FF49B8}"
EndProject
Project("{FAE04EC0-301F-11D3-BF4B-00C04F79EFBC}") = "EFRepository", "..\..\..\Revolution\EFRepository\EFRepository.csproj", "{415DDC8A-A74D-4AFA-8FCB-2706A062A4FD}"
EndProject
Project("{FAE04EC0-301F-11D3-BF4B-00C04F79EFBC}") = "NH.DBContext", "..\NH.DBContext\NH.DBContext.csproj", "{CD566324-734E-47AE-991F-D4DA3E701910}"
EndProject
Project("{FAE04EC0-301F-11D3-BF4B-00C04F79EFBC}") = "EF.Mappings", "..\EF.Mappings\EF.Mappings.csproj", "{DA54313C-4B98-49B1-A8F9-B5827F121886}"
EndProject
Project("{FAE04EC0-301F-11D3-BF4B-00C04F79EFBC}") = "NH.Mappings", "..\NH.Mappings\NH.Mappings.csproj", "{7EBA796F-77A6-47B5-AAFA-2D6315CA1CB1}"
EndProject
Project("{FAE04EC0-301F-11D3-BF4B-00C04F79EFBC}") = "Stateless", "..\..\..\Revolution\Stateless\Stateless.csproj", "{A15EEC02-60EC-4705-A58B-A6ECD55A9628}"
EndProject
Project("{2150E333-8FDC-42A3-9474-1A3956D46DE8}") = "BusinessLayer", "BusinessLayer", "{5E8BC192-D219-41B0-9213-F94EB5E43007}"
EndProject
Project("{FAE04EC0-301F-11D3-BF4B-00C04F79EFBC}") = "StateMachines", "..\StateMachines\StateMachines.csproj", "{CAE45F3F-038F-4441-9390-0600B0036D14}"
EndProject
Project("{FAE04EC0-301F-11D3-BF4B-00C04F79EFBC}") = "ValidationSets", "..\ValidationSets\ValidationSets.csproj", "{6A9C99E7-2552-4A6C-B26E-2D727C5D85CE}"
EndProject
Project("{FAE04EC0-301F-11D3-BF4B-00C04F79EFBC}") = "Resources", "..\Resources\Resources.csproj", "{9EF43EE7-B520-42D9-A75E-2D2887FD234C}"
EndProject
Project("{FAE04EC0-301F-11D3-BF4B-00C04F79EFBC}") = "UserControls", "..\..\..\Revolution\UserControls\UserControls.csproj", "{51A5DA32-159C-4888-B6DD-798AEEE70364}"
EndProject
Project("{2150E333-8FDC-42A3-9474-1A3956D46DE8}") = "Specifications", "Specifications", "{DCFC80A7-8B43-4F19-87EC-4BF10D433446}"
EndProject
Project("{2150E333-8FDC-42A3-9474-1A3956D46DE8}") = "Specifications", "Specifications", "{4F13DEE8-C5E7-4832-9CE5-FE3637427ADB}"
EndProject
Project("{FAE04EC0-301F-11D3-BF4B-00C04F79EFBC}") = "Specifications", "..\..\Specifications\Specifications.csproj", "{13FBAD97-E771-4506-9313-7C6066C38F72}"
EndProject
Project("{FAE04EC0-301F-11D3-BF4B-00C04F79EFBC}") = "Specifications", "..\Specifications\Specifications.csproj", "{0B16DA18-F343-4B39-A7A5-2699E60B6308}"
EndProject
Project("{FAE04EC0-301F-11D3-BF4B-00C04F79EFBC}") = "LinqSpecs", "..\..\..\Revolution\LinqSpecs\LinqSpecs.csproj", "{D60875A3-0DE2-409D-86A0-F540224D054C}"
EndProject
Project("{FAE04EC0-301F-11D3-BF4B-00C04F79EFBC}") = "Build Amoeba", "..\Build Amoeba\Build Amoeba.csproj", "{8D7F52A5-8733-45F4-B533-F91D67CF73B5}"
EndProject
Project("{FAE04EC0-301F-11D3-BF4B-00C04F79EFBC}") = "Amoeba-UnitTest", "..\Amoeba-UnitTest\Amoeba-UnitTest.csproj", "{53BD3DE7-7DFD-441B-BC66-7ADC798F972B}"
EndProject
Project("{2150E333-8FDC-42A3-9474-1A3956D46DE8}") = "Design Time", "Design Time", "{AA8301BF-7330-4FFE-973A-04BF0DBEBBC7}"
EndProject
Project("{2150E333-8FDC-42A3-9474-1A3956D46DE8}") = "Domain", "Domain", "{497E1F0D-6407-4B27-923E-8DC293D6BC6C}"
EndProject
Project("{FAE04EC0-301F-11D3-BF4B-00C04F79EFBC}") = "DesignTimeData", "..\DesignTimeData\DesignTimeData.csproj", "{F0F4B418-CEC4-47FE-9243-2336E125143D}"
EndProject
Project("{FAE04EC0-301F-11D3-BF4B-00C04F79EFBC}") = "Expressions", "..\Expressions\Expressions.csproj", "{6BA1D455-8C8B-427B-B628-EB934B36F9BB}"
EndProject
Project("{2150E333-8FDC-42A3-9474-1A3956D46DE8}") = "UnitTests", "UnitTests", "{9A7C4D82-5832-4AF5-95D1-2347D824E0CF}"
EndProject
Project("{FAE04EC0-301F-11D3-BF4B-00C04F79EFBC}") = "UnitTests", "..\UnitTests\UnitTests.csproj", "{67EA7DF1-1D5F-4BFE-873A-B1513E06E662}"
EndProject
Global
	GlobalSection(SolutionConfigurationPlatforms) = preSolution
		Debug|Any CPU = Debug|Any CPU
		Debug|x86 = Debug|x86
		Release|Any CPU = Release|Any CPU
		Release|x86 = Release|x86
	EndGlobalSection
	GlobalSection(ProjectConfigurationPlatforms) = postSolution
		{8FA6AC03-2536-428A-843F-9D09234F2F4F}.Debug|Any CPU.ActiveCfg = Debug|Any CPU
		{8FA6AC03-2536-428A-843F-9D09234F2F4F}.Debug|Any CPU.Build.0 = Debug|Any CPU
		{8FA6AC03-2536-428A-843F-9D09234F2F4F}.Debug|x86.ActiveCfg = Debug|Any CPU
		{8FA6AC03-2536-428A-843F-9D09234F2F4F}.Debug|x86.Build.0 = Debug|Any CPU
		{8FA6AC03-2536-428A-843F-9D09234F2F4F}.Release|Any CPU.ActiveCfg = Release|Any CPU
		{8FA6AC03-2536-428A-843F-9D09234F2F4F}.Release|Any CPU.Build.0 = Release|Any CPU
		{8FA6AC03-2536-428A-843F-9D09234F2F4F}.Release|x86.ActiveCfg = Release|Any CPU
		{8FA6AC03-2536-428A-843F-9D09234F2F4F}.Release|x86.Build.0 = Release|Any CPU
		{27C692A7-9601-43FB-8243-42B997107649}.Debug|Any CPU.ActiveCfg = Debug|Any CPU
		{27C692A7-9601-43FB-8243-42B997107649}.Debug|Any CPU.Build.0 = Debug|Any CPU
		{27C692A7-9601-43FB-8243-42B997107649}.Debug|x86.ActiveCfg = Debug|Any CPU
		{27C692A7-9601-43FB-8243-42B997107649}.Debug|x86.Build.0 = Debug|Any CPU
		{27C692A7-9601-43FB-8243-42B997107649}.Release|Any CPU.ActiveCfg = Release|Any CPU
		{27C692A7-9601-43FB-8243-42B997107649}.Release|Any CPU.Build.0 = Release|Any CPU
		{27C692A7-9601-43FB-8243-42B997107649}.Release|x86.ActiveCfg = Release|Any CPU
		{27C692A7-9601-43FB-8243-42B997107649}.Release|x86.Build.0 = Release|Any CPU
		{FAD2A8C8-A1B4-4A3C-8E37-0388C0E3733C}.Debug|Any CPU.ActiveCfg = Debug|Any CPU
		{FAD2A8C8-A1B4-4A3C-8E37-0388C0E3733C}.Debug|Any CPU.Build.0 = Debug|Any CPU
		{FAD2A8C8-A1B4-4A3C-8E37-0388C0E3733C}.Debug|x86.ActiveCfg = Debug|Any CPU
		{FAD2A8C8-A1B4-4A3C-8E37-0388C0E3733C}.Debug|x86.Build.0 = Debug|Any CPU
		{FAD2A8C8-A1B4-4A3C-8E37-0388C0E3733C}.Release|Any CPU.ActiveCfg = Release|Any CPU
		{FAD2A8C8-A1B4-4A3C-8E37-0388C0E3733C}.Release|Any CPU.Build.0 = Release|Any CPU
		{FAD2A8C8-A1B4-4A3C-8E37-0388C0E3733C}.Release|x86.ActiveCfg = Release|Any CPU
		{FAD2A8C8-A1B4-4A3C-8E37-0388C0E3733C}.Release|x86.Build.0 = Release|Any CPU
		{492D62C4-38C5-46CA-880E-6817EA791069}.Debug|Any CPU.ActiveCfg = Debug|Any CPU
		{492D62C4-38C5-46CA-880E-6817EA791069}.Debug|x86.ActiveCfg = Debug|Any CPU
		{492D62C4-38C5-46CA-880E-6817EA791069}.Debug|x86.Build.0 = Debug|Any CPU
		{492D62C4-38C5-46CA-880E-6817EA791069}.Release|Any CPU.ActiveCfg = Release|Any CPU
		{492D62C4-38C5-46CA-880E-6817EA791069}.Release|Any CPU.Build.0 = Release|Any CPU
		{492D62C4-38C5-46CA-880E-6817EA791069}.Release|x86.ActiveCfg = Release|Any CPU
		{492D62C4-38C5-46CA-880E-6817EA791069}.Release|x86.Build.0 = Release|Any CPU
		{F321D5AD-2A83-47CE-98C3-7442E0552CE5}.Debug|Any CPU.ActiveCfg = Debug|Any CPU
		{F321D5AD-2A83-47CE-98C3-7442E0552CE5}.Debug|x86.ActiveCfg = Debug|Any CPU
		{F321D5AD-2A83-47CE-98C3-7442E0552CE5}.Debug|x86.Build.0 = Debug|Any CPU
		{F321D5AD-2A83-47CE-98C3-7442E0552CE5}.Release|Any CPU.ActiveCfg = Release|Any CPU
		{F321D5AD-2A83-47CE-98C3-7442E0552CE5}.Release|Any CPU.Build.0 = Release|Any CPU
		{F321D5AD-2A83-47CE-98C3-7442E0552CE5}.Release|x86.ActiveCfg = Release|Any CPU
		{F321D5AD-2A83-47CE-98C3-7442E0552CE5}.Release|x86.Build.0 = Release|Any CPU
		{44130F44-350C-41EA-B6F4-5FEE5D11918B}.Debug|Any CPU.ActiveCfg = Debug|Any CPU
		{44130F44-350C-41EA-B6F4-5FEE5D11918B}.Debug|x86.ActiveCfg = Debug|Any CPU
		{44130F44-350C-41EA-B6F4-5FEE5D11918B}.Debug|x86.Build.0 = Debug|Any CPU
		{44130F44-350C-41EA-B6F4-5FEE5D11918B}.Release|Any CPU.ActiveCfg = Release|Any CPU
		{44130F44-350C-41EA-B6F4-5FEE5D11918B}.Release|Any CPU.Build.0 = Release|Any CPU
		{44130F44-350C-41EA-B6F4-5FEE5D11918B}.Release|x86.ActiveCfg = Release|Any CPU
		{44130F44-350C-41EA-B6F4-5FEE5D11918B}.Release|x86.Build.0 = Release|Any CPU
		{AD573873-C8E6-4EA3-93F5-0D39A92FC9F6}.Debug|Any CPU.ActiveCfg = Debug|Any CPU
		{AD573873-C8E6-4EA3-93F5-0D39A92FC9F6}.Debug|Any CPU.Build.0 = Debug|Any CPU
		{AD573873-C8E6-4EA3-93F5-0D39A92FC9F6}.Debug|x86.ActiveCfg = Debug|Any CPU
		{AD573873-C8E6-4EA3-93F5-0D39A92FC9F6}.Debug|x86.Build.0 = Debug|Any CPU
		{AD573873-C8E6-4EA3-93F5-0D39A92FC9F6}.Release|Any CPU.ActiveCfg = Release|Any CPU
		{AD573873-C8E6-4EA3-93F5-0D39A92FC9F6}.Release|Any CPU.Build.0 = Release|Any CPU
		{AD573873-C8E6-4EA3-93F5-0D39A92FC9F6}.Release|x86.ActiveCfg = Release|Any CPU
		{AD573873-C8E6-4EA3-93F5-0D39A92FC9F6}.Release|x86.Build.0 = Release|Any CPU
		{F6008330-BA42-454B-A0B4-82455DE56776}.Debug|Any CPU.ActiveCfg = Debug|Any CPU
		{F6008330-BA42-454B-A0B4-82455DE56776}.Debug|Any CPU.Build.0 = Debug|Any CPU
		{F6008330-BA42-454B-A0B4-82455DE56776}.Debug|x86.ActiveCfg = Debug|Any CPU
		{F6008330-BA42-454B-A0B4-82455DE56776}.Debug|x86.Build.0 = Debug|Any CPU
		{F6008330-BA42-454B-A0B4-82455DE56776}.Release|Any CPU.ActiveCfg = Release|Any CPU
		{F6008330-BA42-454B-A0B4-82455DE56776}.Release|Any CPU.Build.0 = Release|Any CPU
		{F6008330-BA42-454B-A0B4-82455DE56776}.Release|x86.ActiveCfg = Release|Any CPU
		{F6008330-BA42-454B-A0B4-82455DE56776}.Release|x86.Build.0 = Release|Any CPU
		{20FA02F3-C3C7-4FC0-838D-47F5AFE8F09F}.Debug|Any CPU.ActiveCfg = Debug|Any CPU
		{20FA02F3-C3C7-4FC0-838D-47F5AFE8F09F}.Debug|Any CPU.Build.0 = Debug|Any CPU
		{20FA02F3-C3C7-4FC0-838D-47F5AFE8F09F}.Debug|x86.ActiveCfg = Debug|Any CPU
		{20FA02F3-C3C7-4FC0-838D-47F5AFE8F09F}.Debug|x86.Build.0 = Debug|Any CPU
		{20FA02F3-C3C7-4FC0-838D-47F5AFE8F09F}.Release|Any CPU.ActiveCfg = Release|Any CPU
		{20FA02F3-C3C7-4FC0-838D-47F5AFE8F09F}.Release|Any CPU.Build.0 = Release|Any CPU
		{20FA02F3-C3C7-4FC0-838D-47F5AFE8F09F}.Release|x86.ActiveCfg = Release|Any CPU
		{20FA02F3-C3C7-4FC0-838D-47F5AFE8F09F}.Release|x86.Build.0 = Release|Any CPU
		{B7F58070-3C58-46AF-95D1-6FC0D99D48EE}.Debug|Any CPU.ActiveCfg = Debug|Any CPU
		{B7F58070-3C58-46AF-95D1-6FC0D99D48EE}.Debug|Any CPU.Build.0 = Debug|Any CPU
		{B7F58070-3C58-46AF-95D1-6FC0D99D48EE}.Debug|x86.ActiveCfg = Debug|Any CPU
		{B7F58070-3C58-46AF-95D1-6FC0D99D48EE}.Debug|x86.Build.0 = Debug|Any CPU
		{B7F58070-3C58-46AF-95D1-6FC0D99D48EE}.Release|Any CPU.ActiveCfg = Release|Any CPU
		{B7F58070-3C58-46AF-95D1-6FC0D99D48EE}.Release|Any CPU.Build.0 = Release|Any CPU
		{B7F58070-3C58-46AF-95D1-6FC0D99D48EE}.Release|x86.ActiveCfg = Release|Any CPU
		{B7F58070-3C58-46AF-95D1-6FC0D99D48EE}.Release|x86.Build.0 = Release|Any CPU
		{C4AC8652-59F0-4FC9-A0A1-303A009DA9B0}.Debug|Any CPU.ActiveCfg = Debug|Any CPU
		{C4AC8652-59F0-4FC9-A0A1-303A009DA9B0}.Debug|Any CPU.Build.0 = Debug|Any CPU
		{C4AC8652-59F0-4FC9-A0A1-303A009DA9B0}.Debug|x86.ActiveCfg = Debug|Any CPU
		{C4AC8652-59F0-4FC9-A0A1-303A009DA9B0}.Debug|x86.Build.0 = Debug|Any CPU
		{C4AC8652-59F0-4FC9-A0A1-303A009DA9B0}.Release|Any CPU.ActiveCfg = Release|Any CPU
		{C4AC8652-59F0-4FC9-A0A1-303A009DA9B0}.Release|Any CPU.Build.0 = Release|Any CPU
		{C4AC8652-59F0-4FC9-A0A1-303A009DA9B0}.Release|x86.ActiveCfg = Release|Any CPU
		{C4AC8652-59F0-4FC9-A0A1-303A009DA9B0}.Release|x86.Build.0 = Release|Any CPU
		{5DD82AD7-F344-45E3-92CC-96F8D07700AF}.Debug|Any CPU.ActiveCfg = Debug|Any CPU
		{5DD82AD7-F344-45E3-92CC-96F8D07700AF}.Debug|Any CPU.Build.0 = Debug|Any CPU
		{5DD82AD7-F344-45E3-92CC-96F8D07700AF}.Debug|x86.ActiveCfg = Debug|Any CPU
		{5DD82AD7-F344-45E3-92CC-96F8D07700AF}.Debug|x86.Build.0 = Debug|Any CPU
		{5DD82AD7-F344-45E3-92CC-96F8D07700AF}.Release|Any CPU.ActiveCfg = Release|Any CPU
		{5DD82AD7-F344-45E3-92CC-96F8D07700AF}.Release|Any CPU.Build.0 = Release|Any CPU
		{5DD82AD7-F344-45E3-92CC-96F8D07700AF}.Release|x86.ActiveCfg = Release|Any CPU
		{5DD82AD7-F344-45E3-92CC-96F8D07700AF}.Release|x86.Build.0 = Release|Any CPU
		{CB6D5FBC-0C13-437D-B4F3-A0EC4D5673B3}.Debug|Any CPU.ActiveCfg = Debug|Any CPU
		{CB6D5FBC-0C13-437D-B4F3-A0EC4D5673B3}.Debug|Any CPU.Build.0 = Debug|Any CPU
		{CB6D5FBC-0C13-437D-B4F3-A0EC4D5673B3}.Debug|x86.ActiveCfg = Debug|Any CPU
		{CB6D5FBC-0C13-437D-B4F3-A0EC4D5673B3}.Debug|x86.Build.0 = Debug|Any CPU
		{CB6D5FBC-0C13-437D-B4F3-A0EC4D5673B3}.Release|Any CPU.ActiveCfg = Release|Any CPU
		{CB6D5FBC-0C13-437D-B4F3-A0EC4D5673B3}.Release|Any CPU.Build.0 = Release|Any CPU
		{CB6D5FBC-0C13-437D-B4F3-A0EC4D5673B3}.Release|x86.ActiveCfg = Release|Any CPU
		{CB6D5FBC-0C13-437D-B4F3-A0EC4D5673B3}.Release|x86.Build.0 = Release|Any CPU
		{77007560-89DC-4E1F-9313-AE064A048AD4}.Debug|Any CPU.ActiveCfg = Debug|Any CPU
		{77007560-89DC-4E1F-9313-AE064A048AD4}.Debug|Any CPU.Build.0 = Debug|Any CPU
		{77007560-89DC-4E1F-9313-AE064A048AD4}.Debug|x86.ActiveCfg = Debug|Any CPU
		{77007560-89DC-4E1F-9313-AE064A048AD4}.Debug|x86.Build.0 = Debug|Any CPU
		{77007560-89DC-4E1F-9313-AE064A048AD4}.Release|Any CPU.ActiveCfg = Release|Any CPU
		{77007560-89DC-4E1F-9313-AE064A048AD4}.Release|Any CPU.Build.0 = Release|Any CPU
		{77007560-89DC-4E1F-9313-AE064A048AD4}.Release|x86.ActiveCfg = Release|Any CPU
		{77007560-89DC-4E1F-9313-AE064A048AD4}.Release|x86.Build.0 = Release|Any CPU
		{31E6B370-01F0-4489-832F-436CB97A6718}.Debug|Any CPU.ActiveCfg = Debug|Any CPU
		{31E6B370-01F0-4489-832F-436CB97A6718}.Debug|Any CPU.Build.0 = Debug|Any CPU
		{31E6B370-01F0-4489-832F-436CB97A6718}.Debug|x86.ActiveCfg = Debug|Any CPU
		{31E6B370-01F0-4489-832F-436CB97A6718}.Debug|x86.Build.0 = Debug|Any CPU
		{31E6B370-01F0-4489-832F-436CB97A6718}.Release|Any CPU.ActiveCfg = Release|Any CPU
		{31E6B370-01F0-4489-832F-436CB97A6718}.Release|Any CPU.Build.0 = Release|Any CPU
		{31E6B370-01F0-4489-832F-436CB97A6718}.Release|x86.ActiveCfg = Release|Any CPU
		{31E6B370-01F0-4489-832F-436CB97A6718}.Release|x86.Build.0 = Release|Any CPU
		{EB1E2E94-D6FB-49DF-8036-9BF910E3B7AA}.Debug|Any CPU.ActiveCfg = Debug|Any CPU
		{EB1E2E94-D6FB-49DF-8036-9BF910E3B7AA}.Debug|Any CPU.Build.0 = Debug|Any CPU
		{EB1E2E94-D6FB-49DF-8036-9BF910E3B7AA}.Debug|x86.ActiveCfg = Debug|Any CPU
		{EB1E2E94-D6FB-49DF-8036-9BF910E3B7AA}.Debug|x86.Build.0 = Debug|Any CPU
		{EB1E2E94-D6FB-49DF-8036-9BF910E3B7AA}.Release|Any CPU.ActiveCfg = Release|Any CPU
		{EB1E2E94-D6FB-49DF-8036-9BF910E3B7AA}.Release|Any CPU.Build.0 = Release|Any CPU
		{EB1E2E94-D6FB-49DF-8036-9BF910E3B7AA}.Release|x86.ActiveCfg = Release|Any CPU
		{EB1E2E94-D6FB-49DF-8036-9BF910E3B7AA}.Release|x86.Build.0 = Release|Any CPU
		{2C88291E-05EB-4BE9-8B33-18F9D56CF928}.Debug|Any CPU.ActiveCfg = Debug|Any CPU
		{2C88291E-05EB-4BE9-8B33-18F9D56CF928}.Debug|Any CPU.Build.0 = Debug|Any CPU
		{2C88291E-05EB-4BE9-8B33-18F9D56CF928}.Debug|x86.ActiveCfg = Debug|Any CPU
		{2C88291E-05EB-4BE9-8B33-18F9D56CF928}.Debug|x86.Build.0 = Debug|Any CPU
		{2C88291E-05EB-4BE9-8B33-18F9D56CF928}.Release|Any CPU.ActiveCfg = Release|Any CPU
		{2C88291E-05EB-4BE9-8B33-18F9D56CF928}.Release|Any CPU.Build.0 = Release|Any CPU
		{2C88291E-05EB-4BE9-8B33-18F9D56CF928}.Release|x86.ActiveCfg = Release|Any CPU
		{2C88291E-05EB-4BE9-8B33-18F9D56CF928}.Release|x86.Build.0 = Release|Any CPU
		{78F76C1D-BAF2-4AC1-A05F-A8A7B4A3B95E}.Debug|Any CPU.ActiveCfg = Debug|Any CPU
		{78F76C1D-BAF2-4AC1-A05F-A8A7B4A3B95E}.Debug|Any CPU.Build.0 = Debug|Any CPU
		{78F76C1D-BAF2-4AC1-A05F-A8A7B4A3B95E}.Debug|x86.ActiveCfg = Debug|Any CPU
		{78F76C1D-BAF2-4AC1-A05F-A8A7B4A3B95E}.Debug|x86.Build.0 = Debug|Any CPU
		{78F76C1D-BAF2-4AC1-A05F-A8A7B4A3B95E}.Release|Any CPU.ActiveCfg = Release|Any CPU
		{78F76C1D-BAF2-4AC1-A05F-A8A7B4A3B95E}.Release|Any CPU.Build.0 = Release|Any CPU
		{78F76C1D-BAF2-4AC1-A05F-A8A7B4A3B95E}.Release|x86.ActiveCfg = Release|Any CPU
		{78F76C1D-BAF2-4AC1-A05F-A8A7B4A3B95E}.Release|x86.Build.0 = Release|Any CPU
		{E3D04176-3758-4C9D-84F3-7A4D3859EAE5}.Debug|Any CPU.ActiveCfg = Debug|Any CPU
		{E3D04176-3758-4C9D-84F3-7A4D3859EAE5}.Debug|Any CPU.Build.0 = Debug|Any CPU
		{E3D04176-3758-4C9D-84F3-7A4D3859EAE5}.Debug|x86.ActiveCfg = Debug|Any CPU
		{E3D04176-3758-4C9D-84F3-7A4D3859EAE5}.Debug|x86.Build.0 = Debug|Any CPU
		{E3D04176-3758-4C9D-84F3-7A4D3859EAE5}.Release|Any CPU.ActiveCfg = Release|Any CPU
		{E3D04176-3758-4C9D-84F3-7A4D3859EAE5}.Release|Any CPU.Build.0 = Release|Any CPU
		{E3D04176-3758-4C9D-84F3-7A4D3859EAE5}.Release|x86.ActiveCfg = Release|Any CPU
		{E3D04176-3758-4C9D-84F3-7A4D3859EAE5}.Release|x86.Build.0 = Release|Any CPU
		{338FEFD0-B7FA-46DB-8041-C5ED7778E6C0}.Debug|Any CPU.ActiveCfg = Debug|Any CPU
		{338FEFD0-B7FA-46DB-8041-C5ED7778E6C0}.Debug|Any CPU.Build.0 = Debug|Any CPU
		{338FEFD0-B7FA-46DB-8041-C5ED7778E6C0}.Debug|x86.ActiveCfg = Debug|Any CPU
		{338FEFD0-B7FA-46DB-8041-C5ED7778E6C0}.Debug|x86.Build.0 = Debug|Any CPU
		{338FEFD0-B7FA-46DB-8041-C5ED7778E6C0}.Release|Any CPU.ActiveCfg = Release|Any CPU
		{338FEFD0-B7FA-46DB-8041-C5ED7778E6C0}.Release|Any CPU.Build.0 = Release|Any CPU
		{338FEFD0-B7FA-46DB-8041-C5ED7778E6C0}.Release|x86.ActiveCfg = Release|Any CPU
		{338FEFD0-B7FA-46DB-8041-C5ED7778E6C0}.Release|x86.Build.0 = Release|Any CPU
		{5DFEEA8B-BABA-4544-BF36-0A76A0D10C1B}.Debug|Any CPU.ActiveCfg = Debug|Any CPU
		{5DFEEA8B-BABA-4544-BF36-0A76A0D10C1B}.Debug|Any CPU.Build.0 = Debug|Any CPU
		{5DFEEA8B-BABA-4544-BF36-0A76A0D10C1B}.Debug|x86.ActiveCfg = Debug|Any CPU
		{5DFEEA8B-BABA-4544-BF36-0A76A0D10C1B}.Debug|x86.Build.0 = Debug|Any CPU
		{5DFEEA8B-BABA-4544-BF36-0A76A0D10C1B}.Release|Any CPU.ActiveCfg = Release|Any CPU
		{5DFEEA8B-BABA-4544-BF36-0A76A0D10C1B}.Release|Any CPU.Build.0 = Release|Any CPU
		{5DFEEA8B-BABA-4544-BF36-0A76A0D10C1B}.Release|x86.ActiveCfg = Release|Any CPU
		{5DFEEA8B-BABA-4544-BF36-0A76A0D10C1B}.Release|x86.Build.0 = Release|Any CPU
		{459C400C-CC7C-4A97-9D0F-05A61EB4F7C8}.Debug|Any CPU.ActiveCfg = Debug|Any CPU
		{459C400C-CC7C-4A97-9D0F-05A61EB4F7C8}.Debug|Any CPU.Build.0 = Debug|Any CPU
		{459C400C-CC7C-4A97-9D0F-05A61EB4F7C8}.Debug|x86.ActiveCfg = Debug|x86
		{459C400C-CC7C-4A97-9D0F-05A61EB4F7C8}.Debug|x86.Build.0 = Debug|x86
		{459C400C-CC7C-4A97-9D0F-05A61EB4F7C8}.Release|Any CPU.ActiveCfg = Release|Any CPU
		{459C400C-CC7C-4A97-9D0F-05A61EB4F7C8}.Release|Any CPU.Build.0 = Release|Any CPU
		{459C400C-CC7C-4A97-9D0F-05A61EB4F7C8}.Release|x86.ActiveCfg = Release|x86
		{459C400C-CC7C-4A97-9D0F-05A61EB4F7C8}.Release|x86.Build.0 = Release|x86
		{0F9427B1-792E-4C35-97D8-22A9494CE28F}.Debug|Any CPU.ActiveCfg = Debug|Any CPU
		{0F9427B1-792E-4C35-97D8-22A9494CE28F}.Debug|Any CPU.Build.0 = Debug|Any CPU
		{0F9427B1-792E-4C35-97D8-22A9494CE28F}.Debug|x86.ActiveCfg = Debug|Any CPU
		{0F9427B1-792E-4C35-97D8-22A9494CE28F}.Debug|x86.Build.0 = Debug|Any CPU
		{0F9427B1-792E-4C35-97D8-22A9494CE28F}.Release|Any CPU.ActiveCfg = Release|Any CPU
		{0F9427B1-792E-4C35-97D8-22A9494CE28F}.Release|Any CPU.Build.0 = Release|Any CPU
		{0F9427B1-792E-4C35-97D8-22A9494CE28F}.Release|x86.ActiveCfg = Release|Any CPU
		{0F9427B1-792E-4C35-97D8-22A9494CE28F}.Release|x86.Build.0 = Release|Any CPU
		{E3842263-E081-49BA-A1B4-BBE82B24E2DB}.Debug|Any CPU.ActiveCfg = Debug|Any CPU
		{E3842263-E081-49BA-A1B4-BBE82B24E2DB}.Debug|Any CPU.Build.0 = Debug|Any CPU
		{E3842263-E081-49BA-A1B4-BBE82B24E2DB}.Debug|x86.ActiveCfg = Debug|Any CPU
		{E3842263-E081-49BA-A1B4-BBE82B24E2DB}.Debug|x86.Build.0 = Debug|Any CPU
		{E3842263-E081-49BA-A1B4-BBE82B24E2DB}.Release|Any CPU.ActiveCfg = Release|Any CPU
		{E3842263-E081-49BA-A1B4-BBE82B24E2DB}.Release|Any CPU.Build.0 = Release|Any CPU
		{E3842263-E081-49BA-A1B4-BBE82B24E2DB}.Release|x86.ActiveCfg = Release|Any CPU
		{E3842263-E081-49BA-A1B4-BBE82B24E2DB}.Release|x86.Build.0 = Release|Any CPU
		{2F936E24-723E-4E7A-B21C-D6F618C74651}.Debug|Any CPU.ActiveCfg = Debug|Any CPU
		{2F936E24-723E-4E7A-B21C-D6F618C74651}.Debug|Any CPU.Build.0 = Debug|Any CPU
		{2F936E24-723E-4E7A-B21C-D6F618C74651}.Debug|x86.ActiveCfg = Debug|Any CPU
		{2F936E24-723E-4E7A-B21C-D6F618C74651}.Debug|x86.Build.0 = Debug|Any CPU
		{2F936E24-723E-4E7A-B21C-D6F618C74651}.Release|Any CPU.ActiveCfg = Release|Any CPU
		{2F936E24-723E-4E7A-B21C-D6F618C74651}.Release|Any CPU.Build.0 = Release|Any CPU
		{2F936E24-723E-4E7A-B21C-D6F618C74651}.Release|x86.ActiveCfg = Release|Any CPU
		{2F936E24-723E-4E7A-B21C-D6F618C74651}.Release|x86.Build.0 = Release|Any CPU
		{C93BB83A-9DF6-4707-8978-B2668B4B9E03}.Debug|Any CPU.ActiveCfg = Debug|Any CPU
		{C93BB83A-9DF6-4707-8978-B2668B4B9E03}.Debug|Any CPU.Build.0 = Debug|Any CPU
		{C93BB83A-9DF6-4707-8978-B2668B4B9E03}.Debug|x86.ActiveCfg = Debug|Any CPU
		{C93BB83A-9DF6-4707-8978-B2668B4B9E03}.Debug|x86.Build.0 = Debug|Any CPU
		{C93BB83A-9DF6-4707-8978-B2668B4B9E03}.Release|Any CPU.ActiveCfg = Release|Any CPU
		{C93BB83A-9DF6-4707-8978-B2668B4B9E03}.Release|Any CPU.Build.0 = Release|Any CPU
		{C93BB83A-9DF6-4707-8978-B2668B4B9E03}.Release|x86.ActiveCfg = Release|Any CPU
		{C93BB83A-9DF6-4707-8978-B2668B4B9E03}.Release|x86.Build.0 = Release|Any CPU
		{879C9901-CB5C-407A-8655-E3C3632C1D7B}.Debug|Any CPU.ActiveCfg = Debug|Any CPU
		{879C9901-CB5C-407A-8655-E3C3632C1D7B}.Debug|Any CPU.Build.0 = Debug|Any CPU
		{879C9901-CB5C-407A-8655-E3C3632C1D7B}.Debug|x86.ActiveCfg = Debug|Any CPU
		{879C9901-CB5C-407A-8655-E3C3632C1D7B}.Debug|x86.Build.0 = Debug|Any CPU
		{879C9901-CB5C-407A-8655-E3C3632C1D7B}.Release|Any CPU.ActiveCfg = Release|Any CPU
		{879C9901-CB5C-407A-8655-E3C3632C1D7B}.Release|Any CPU.Build.0 = Release|Any CPU
		{879C9901-CB5C-407A-8655-E3C3632C1D7B}.Release|x86.ActiveCfg = Release|Any CPU
		{879C9901-CB5C-407A-8655-E3C3632C1D7B}.Release|x86.Build.0 = Release|Any CPU
		{320107B2-D414-434B-AE0D-4D9F18FF49B8}.Debug|Any CPU.ActiveCfg = Debug|Any CPU
		{320107B2-D414-434B-AE0D-4D9F18FF49B8}.Debug|Any CPU.Build.0 = Debug|Any CPU
		{320107B2-D414-434B-AE0D-4D9F18FF49B8}.Debug|x86.ActiveCfg = Debug|Any CPU
		{320107B2-D414-434B-AE0D-4D9F18FF49B8}.Debug|x86.Build.0 = Debug|Any CPU
		{320107B2-D414-434B-AE0D-4D9F18FF49B8}.Release|Any CPU.ActiveCfg = Release|Any CPU
		{320107B2-D414-434B-AE0D-4D9F18FF49B8}.Release|Any CPU.Build.0 = Release|Any CPU
		{320107B2-D414-434B-AE0D-4D9F18FF49B8}.Release|x86.ActiveCfg = Release|Any CPU
		{320107B2-D414-434B-AE0D-4D9F18FF49B8}.Release|x86.Build.0 = Release|Any CPU
		{415DDC8A-A74D-4AFA-8FCB-2706A062A4FD}.Debug|Any CPU.ActiveCfg = Debug|Any CPU
		{415DDC8A-A74D-4AFA-8FCB-2706A062A4FD}.Debug|Any CPU.Build.0 = Debug|Any CPU
		{415DDC8A-A74D-4AFA-8FCB-2706A062A4FD}.Debug|x86.ActiveCfg = Debug|Any CPU
		{415DDC8A-A74D-4AFA-8FCB-2706A062A4FD}.Debug|x86.Build.0 = Debug|Any CPU
		{415DDC8A-A74D-4AFA-8FCB-2706A062A4FD}.Release|Any CPU.ActiveCfg = Release|Any CPU
		{415DDC8A-A74D-4AFA-8FCB-2706A062A4FD}.Release|Any CPU.Build.0 = Release|Any CPU
		{415DDC8A-A74D-4AFA-8FCB-2706A062A4FD}.Release|x86.ActiveCfg = Release|Any CPU
		{415DDC8A-A74D-4AFA-8FCB-2706A062A4FD}.Release|x86.Build.0 = Release|Any CPU
		{CD566324-734E-47AE-991F-D4DA3E701910}.Debug|Any CPU.ActiveCfg = Debug|Any CPU
		{CD566324-734E-47AE-991F-D4DA3E701910}.Debug|Any CPU.Build.0 = Debug|Any CPU
		{CD566324-734E-47AE-991F-D4DA3E701910}.Debug|x86.ActiveCfg = Debug|Any CPU
		{CD566324-734E-47AE-991F-D4DA3E701910}.Debug|x86.Build.0 = Debug|Any CPU
		{CD566324-734E-47AE-991F-D4DA3E701910}.Release|Any CPU.ActiveCfg = Release|Any CPU
		{CD566324-734E-47AE-991F-D4DA3E701910}.Release|Any CPU.Build.0 = Release|Any CPU
		{CD566324-734E-47AE-991F-D4DA3E701910}.Release|x86.ActiveCfg = Release|Any CPU
		{CD566324-734E-47AE-991F-D4DA3E701910}.Release|x86.Build.0 = Release|Any CPU
		{DA54313C-4B98-49B1-A8F9-B5827F121886}.Debug|Any CPU.ActiveCfg = Debug|Any CPU
		{DA54313C-4B98-49B1-A8F9-B5827F121886}.Debug|Any CPU.Build.0 = Debug|Any CPU
		{DA54313C-4B98-49B1-A8F9-B5827F121886}.Debug|x86.ActiveCfg = Debug|Any CPU
		{DA54313C-4B98-49B1-A8F9-B5827F121886}.Debug|x86.Build.0 = Debug|Any CPU
		{DA54313C-4B98-49B1-A8F9-B5827F121886}.Release|Any CPU.ActiveCfg = Release|Any CPU
		{DA54313C-4B98-49B1-A8F9-B5827F121886}.Release|Any CPU.Build.0 = Release|Any CPU
		{DA54313C-4B98-49B1-A8F9-B5827F121886}.Release|x86.ActiveCfg = Release|Any CPU
		{DA54313C-4B98-49B1-A8F9-B5827F121886}.Release|x86.Build.0 = Release|Any CPU
		{7EBA796F-77A6-47B5-AAFA-2D6315CA1CB1}.Debug|Any CPU.ActiveCfg = Debug|Any CPU
		{7EBA796F-77A6-47B5-AAFA-2D6315CA1CB1}.Debug|Any CPU.Build.0 = Debug|Any CPU
		{7EBA796F-77A6-47B5-AAFA-2D6315CA1CB1}.Debug|x86.ActiveCfg = Debug|Any CPU
		{7EBA796F-77A6-47B5-AAFA-2D6315CA1CB1}.Debug|x86.Build.0 = Debug|Any CPU
		{7EBA796F-77A6-47B5-AAFA-2D6315CA1CB1}.Release|Any CPU.ActiveCfg = Release|Any CPU
		{7EBA796F-77A6-47B5-AAFA-2D6315CA1CB1}.Release|Any CPU.Build.0 = Release|Any CPU
		{7EBA796F-77A6-47B5-AAFA-2D6315CA1CB1}.Release|x86.ActiveCfg = Release|Any CPU
		{7EBA796F-77A6-47B5-AAFA-2D6315CA1CB1}.Release|x86.Build.0 = Release|Any CPU
		{A15EEC02-60EC-4705-A58B-A6ECD55A9628}.Debug|Any CPU.ActiveCfg = Debug|Any CPU
		{A15EEC02-60EC-4705-A58B-A6ECD55A9628}.Debug|Any CPU.Build.0 = Debug|Any CPU
		{A15EEC02-60EC-4705-A58B-A6ECD55A9628}.Debug|x86.ActiveCfg = Debug|Any CPU
		{A15EEC02-60EC-4705-A58B-A6ECD55A9628}.Debug|x86.Build.0 = Debug|Any CPU
		{A15EEC02-60EC-4705-A58B-A6ECD55A9628}.Release|Any CPU.ActiveCfg = Release|Any CPU
		{A15EEC02-60EC-4705-A58B-A6ECD55A9628}.Release|Any CPU.Build.0 = Release|Any CPU
		{A15EEC02-60EC-4705-A58B-A6ECD55A9628}.Release|x86.ActiveCfg = Release|Any CPU
		{A15EEC02-60EC-4705-A58B-A6ECD55A9628}.Release|x86.Build.0 = Release|Any CPU
		{CAE45F3F-038F-4441-9390-0600B0036D14}.Debug|Any CPU.ActiveCfg = Debug|Any CPU
		{CAE45F3F-038F-4441-9390-0600B0036D14}.Debug|Any CPU.Build.0 = Debug|Any CPU
		{CAE45F3F-038F-4441-9390-0600B0036D14}.Debug|x86.ActiveCfg = Debug|Any CPU
		{CAE45F3F-038F-4441-9390-0600B0036D14}.Debug|x86.Build.0 = Debug|Any CPU
		{CAE45F3F-038F-4441-9390-0600B0036D14}.Release|Any CPU.ActiveCfg = Release|Any CPU
		{CAE45F3F-038F-4441-9390-0600B0036D14}.Release|Any CPU.Build.0 = Release|Any CPU
		{CAE45F3F-038F-4441-9390-0600B0036D14}.Release|x86.ActiveCfg = Release|Any CPU
		{CAE45F3F-038F-4441-9390-0600B0036D14}.Release|x86.Build.0 = Release|Any CPU
		{6A9C99E7-2552-4A6C-B26E-2D727C5D85CE}.Debug|Any CPU.ActiveCfg = Debug|Any CPU
		{6A9C99E7-2552-4A6C-B26E-2D727C5D85CE}.Debug|Any CPU.Build.0 = Debug|Any CPU
		{6A9C99E7-2552-4A6C-B26E-2D727C5D85CE}.Debug|x86.ActiveCfg = Debug|Any CPU
		{6A9C99E7-2552-4A6C-B26E-2D727C5D85CE}.Debug|x86.Build.0 = Debug|Any CPU
		{6A9C99E7-2552-4A6C-B26E-2D727C5D85CE}.Release|Any CPU.ActiveCfg = Release|Any CPU
		{6A9C99E7-2552-4A6C-B26E-2D727C5D85CE}.Release|Any CPU.Build.0 = Release|Any CPU
		{6A9C99E7-2552-4A6C-B26E-2D727C5D85CE}.Release|x86.ActiveCfg = Release|Any CPU
		{6A9C99E7-2552-4A6C-B26E-2D727C5D85CE}.Release|x86.Build.0 = Release|Any CPU
		{9EF43EE7-B520-42D9-A75E-2D2887FD234C}.Debug|Any CPU.ActiveCfg = Debug|Any CPU
		{9EF43EE7-B520-42D9-A75E-2D2887FD234C}.Debug|Any CPU.Build.0 = Debug|Any CPU
		{9EF43EE7-B520-42D9-A75E-2D2887FD234C}.Debug|x86.ActiveCfg = Debug|Any CPU
		{9EF43EE7-B520-42D9-A75E-2D2887FD234C}.Debug|x86.Build.0 = Debug|Any CPU
		{9EF43EE7-B520-42D9-A75E-2D2887FD234C}.Release|Any CPU.ActiveCfg = Release|Any CPU
		{9EF43EE7-B520-42D9-A75E-2D2887FD234C}.Release|Any CPU.Build.0 = Release|Any CPU
		{9EF43EE7-B520-42D9-A75E-2D2887FD234C}.Release|x86.ActiveCfg = Release|Any CPU
		{9EF43EE7-B520-42D9-A75E-2D2887FD234C}.Release|x86.Build.0 = Release|Any CPU
		{51A5DA32-159C-4888-B6DD-798AEEE70364}.Debug|Any CPU.ActiveCfg = Debug|Any CPU
		{51A5DA32-159C-4888-B6DD-798AEEE70364}.Debug|Any CPU.Build.0 = Debug|Any CPU
		{51A5DA32-159C-4888-B6DD-798AEEE70364}.Debug|x86.ActiveCfg = Debug|Any CPU
		{51A5DA32-159C-4888-B6DD-798AEEE70364}.Debug|x86.Build.0 = Debug|Any CPU
		{51A5DA32-159C-4888-B6DD-798AEEE70364}.Release|Any CPU.ActiveCfg = Release|Any CPU
		{51A5DA32-159C-4888-B6DD-798AEEE70364}.Release|Any CPU.Build.0 = Release|Any CPU
		{51A5DA32-159C-4888-B6DD-798AEEE70364}.Release|x86.ActiveCfg = Release|Any CPU
		{51A5DA32-159C-4888-B6DD-798AEEE70364}.Release|x86.Build.0 = Release|Any CPU
		{13FBAD97-E771-4506-9313-7C6066C38F72}.Debug|Any CPU.ActiveCfg = Debug|Any CPU
		{13FBAD97-E771-4506-9313-7C6066C38F72}.Debug|Any CPU.Build.0 = Debug|Any CPU
		{13FBAD97-E771-4506-9313-7C6066C38F72}.Debug|x86.ActiveCfg = Debug|Any CPU
		{13FBAD97-E771-4506-9313-7C6066C38F72}.Debug|x86.Build.0 = Debug|Any CPU
		{13FBAD97-E771-4506-9313-7C6066C38F72}.Release|Any CPU.ActiveCfg = Release|Any CPU
		{13FBAD97-E771-4506-9313-7C6066C38F72}.Release|Any CPU.Build.0 = Release|Any CPU
		{13FBAD97-E771-4506-9313-7C6066C38F72}.Release|x86.ActiveCfg = Release|Any CPU
		{13FBAD97-E771-4506-9313-7C6066C38F72}.Release|x86.Build.0 = Release|Any CPU
		{0B16DA18-F343-4B39-A7A5-2699E60B6308}.Debug|Any CPU.ActiveCfg = Debug|Any CPU
		{0B16DA18-F343-4B39-A7A5-2699E60B6308}.Debug|Any CPU.Build.0 = Debug|Any CPU
		{0B16DA18-F343-4B39-A7A5-2699E60B6308}.Debug|x86.ActiveCfg = Debug|Any CPU
		{0B16DA18-F343-4B39-A7A5-2699E60B6308}.Debug|x86.Build.0 = Debug|Any CPU
		{0B16DA18-F343-4B39-A7A5-2699E60B6308}.Release|Any CPU.ActiveCfg = Release|Any CPU
		{0B16DA18-F343-4B39-A7A5-2699E60B6308}.Release|Any CPU.Build.0 = Release|Any CPU
		{0B16DA18-F343-4B39-A7A5-2699E60B6308}.Release|x86.ActiveCfg = Release|Any CPU
		{0B16DA18-F343-4B39-A7A5-2699E60B6308}.Release|x86.Build.0 = Release|Any CPU
		{D60875A3-0DE2-409D-86A0-F540224D054C}.Debug|Any CPU.ActiveCfg = Debug|Any CPU
		{D60875A3-0DE2-409D-86A0-F540224D054C}.Debug|Any CPU.Build.0 = Debug|Any CPU
		{D60875A3-0DE2-409D-86A0-F540224D054C}.Debug|x86.ActiveCfg = Debug|Any CPU
		{D60875A3-0DE2-409D-86A0-F540224D054C}.Debug|x86.Build.0 = Debug|Any CPU
		{D60875A3-0DE2-409D-86A0-F540224D054C}.Release|Any CPU.ActiveCfg = Release|Any CPU
		{D60875A3-0DE2-409D-86A0-F540224D054C}.Release|Any CPU.Build.0 = Release|Any CPU
		{D60875A3-0DE2-409D-86A0-F540224D054C}.Release|x86.ActiveCfg = Release|Any CPU
		{D60875A3-0DE2-409D-86A0-F540224D054C}.Release|x86.Build.0 = Release|Any CPU
		{8D7F52A5-8733-45F4-B533-F91D67CF73B5}.Debug|Any CPU.ActiveCfg = Debug|Any CPU
		{8D7F52A5-8733-45F4-B533-F91D67CF73B5}.Debug|Any CPU.Build.0 = Debug|Any CPU
		{8D7F52A5-8733-45F4-B533-F91D67CF73B5}.Debug|x86.ActiveCfg = Debug|Any CPU
		{8D7F52A5-8733-45F4-B533-F91D67CF73B5}.Debug|x86.Build.0 = Debug|Any CPU
		{8D7F52A5-8733-45F4-B533-F91D67CF73B5}.Release|Any CPU.ActiveCfg = Release|Any CPU
		{8D7F52A5-8733-45F4-B533-F91D67CF73B5}.Release|Any CPU.Build.0 = Release|Any CPU
		{8D7F52A5-8733-45F4-B533-F91D67CF73B5}.Release|x86.ActiveCfg = Release|Any CPU
		{8D7F52A5-8733-45F4-B533-F91D67CF73B5}.Release|x86.Build.0 = Release|Any CPU
		{53BD3DE7-7DFD-441B-BC66-7ADC798F972B}.Debug|Any CPU.ActiveCfg = Debug|Any CPU
		{53BD3DE7-7DFD-441B-BC66-7ADC798F972B}.Debug|Any CPU.Build.0 = Debug|Any CPU
		{53BD3DE7-7DFD-441B-BC66-7ADC798F972B}.Debug|x86.ActiveCfg = Debug|Any CPU
		{53BD3DE7-7DFD-441B-BC66-7ADC798F972B}.Debug|x86.Build.0 = Debug|Any CPU
		{53BD3DE7-7DFD-441B-BC66-7ADC798F972B}.Release|Any CPU.ActiveCfg = Release|Any CPU
		{53BD3DE7-7DFD-441B-BC66-7ADC798F972B}.Release|Any CPU.Build.0 = Release|Any CPU
		{53BD3DE7-7DFD-441B-BC66-7ADC798F972B}.Release|x86.ActiveCfg = Release|Any CPU
		{53BD3DE7-7DFD-441B-BC66-7ADC798F972B}.Release|x86.Build.0 = Release|Any CPU
		{F0F4B418-CEC4-47FE-9243-2336E125143D}.Debug|Any CPU.ActiveCfg = Debug|Any CPU
		{F0F4B418-CEC4-47FE-9243-2336E125143D}.Debug|Any CPU.Build.0 = Debug|Any CPU
		{F0F4B418-CEC4-47FE-9243-2336E125143D}.Debug|x86.ActiveCfg = Debug|Any CPU
		{F0F4B418-CEC4-47FE-9243-2336E125143D}.Debug|x86.Build.0 = Debug|Any CPU
		{F0F4B418-CEC4-47FE-9243-2336E125143D}.Release|Any CPU.ActiveCfg = Release|Any CPU
		{F0F4B418-CEC4-47FE-9243-2336E125143D}.Release|Any CPU.Build.0 = Release|Any CPU
		{F0F4B418-CEC4-47FE-9243-2336E125143D}.Release|x86.ActiveCfg = Release|Any CPU
		{F0F4B418-CEC4-47FE-9243-2336E125143D}.Release|x86.Build.0 = Release|Any CPU
		{6BA1D455-8C8B-427B-B628-EB934B36F9BB}.Debug|Any CPU.ActiveCfg = Debug|Any CPU
		{6BA1D455-8C8B-427B-B628-EB934B36F9BB}.Debug|Any CPU.Build.0 = Debug|Any CPU
		{6BA1D455-8C8B-427B-B628-EB934B36F9BB}.Debug|x86.ActiveCfg = Debug|Any CPU
		{6BA1D455-8C8B-427B-B628-EB934B36F9BB}.Debug|x86.Build.0 = Debug|Any CPU
		{6BA1D455-8C8B-427B-B628-EB934B36F9BB}.Release|Any CPU.ActiveCfg = Release|Any CPU
		{6BA1D455-8C8B-427B-B628-EB934B36F9BB}.Release|Any CPU.Build.0 = Release|Any CPU
		{6BA1D455-8C8B-427B-B628-EB934B36F9BB}.Release|x86.ActiveCfg = Release|Any CPU
		{6BA1D455-8C8B-427B-B628-EB934B36F9BB}.Release|x86.Build.0 = Release|Any CPU
		{67EA7DF1-1D5F-4BFE-873A-B1513E06E662}.Debug|Any CPU.ActiveCfg = Debug|Any CPU
		{67EA7DF1-1D5F-4BFE-873A-B1513E06E662}.Debug|Any CPU.Build.0 = Debug|Any CPU
		{67EA7DF1-1D5F-4BFE-873A-B1513E06E662}.Debug|x86.ActiveCfg = Debug|Any CPU
		{67EA7DF1-1D5F-4BFE-873A-B1513E06E662}.Debug|x86.Build.0 = Debug|Any CPU
		{67EA7DF1-1D5F-4BFE-873A-B1513E06E662}.Release|Any CPU.ActiveCfg = Release|Any CPU
		{67EA7DF1-1D5F-4BFE-873A-B1513E06E662}.Release|Any CPU.Build.0 = Release|Any CPU
		{67EA7DF1-1D5F-4BFE-873A-B1513E06E662}.Release|x86.ActiveCfg = Release|Any CPU
		{67EA7DF1-1D5F-4BFE-873A-B1513E06E662}.Release|x86.Build.0 = Release|Any CPU
	EndGlobalSection
	GlobalSection(SolutionProperties) = preSolution
		HideSolutionNode = FALSE
	EndGlobalSection
	GlobalSection(NestedProjects) = preSolution
		{8FA6AC03-2536-428A-843F-9D09234F2F4F} = {9F045AA7-6B67-405B-AFA1-5845520366C6}
		{27C692A7-9601-43FB-8243-42B997107649} = {0A08D15E-FDC2-47DD-9040-ECE79AE3EE59}
		{FAD2A8C8-A1B4-4A3C-8E37-0388C0E3733C} = {0A08D15E-FDC2-47DD-9040-ECE79AE3EE59}
		{492D62C4-38C5-46CA-880E-6817EA791069} = {F9C1CAE1-28BA-4B63-A3ED-ED41C2184E4C}
		{F321D5AD-2A83-47CE-98C3-7442E0552CE5} = {F9C1CAE1-28BA-4B63-A3ED-ED41C2184E4C}
		{44130F44-350C-41EA-B6F4-5FEE5D11918B} = {F9C1CAE1-28BA-4B63-A3ED-ED41C2184E4C}
		{AD573873-C8E6-4EA3-93F5-0D39A92FC9F6} = {6ACE7FD6-6362-4221-92DD-F3C63C03ABAF}
		{CD59C600-A33F-4C92-8B0F-08A96077146C} = {2F8CD8FE-F916-4D39-893A-7F9034495626}
		{00132900-84C2-45BC-B421-B45218EB0B45} = {2F8CD8FE-F916-4D39-893A-7F9034495626}
		{F6008330-BA42-454B-A0B4-82455DE56776} = {00132900-84C2-45BC-B421-B45218EB0B45}
		{367B2901-F478-4632-B455-6EAA9811A48D} = {2F8CD8FE-F916-4D39-893A-7F9034495626}
		{20FA02F3-C3C7-4FC0-838D-47F5AFE8F09F} = {367B2901-F478-4632-B455-6EAA9811A48D}
		{B7F58070-3C58-46AF-95D1-6FC0D99D48EE} = {367B2901-F478-4632-B455-6EAA9811A48D}
		{C4AC8652-59F0-4FC9-A0A1-303A009DA9B0} = {9F045AA7-6B67-405B-AFA1-5845520366C6}
		{890886A4-A556-468A-91D2-CAB4FAE2E3BA} = {2F8CD8FE-F916-4D39-893A-7F9034495626}
		{5DD82AD7-F344-45E3-92CC-96F8D07700AF} = {890886A4-A556-468A-91D2-CAB4FAE2E3BA}
		{CB6D5FBC-0C13-437D-B4F3-A0EC4D5673B3} = {890886A4-A556-468A-91D2-CAB4FAE2E3BA}
		{30E67492-E281-49FE-BCB9-EACB6DFE2E3C} = {2F8CD8FE-F916-4D39-893A-7F9034495626}
		{77007560-89DC-4E1F-9313-AE064A048AD4} = {30E67492-E281-49FE-BCB9-EACB6DFE2E3C}
		{D474E3A9-3301-4ED4-9472-7F132FB68F80} = {2F8CD8FE-F916-4D39-893A-7F9034495626}
		{31E6B370-01F0-4489-832F-436CB97A6718} = {D474E3A9-3301-4ED4-9472-7F132FB68F80}
		{EB1E2E94-D6FB-49DF-8036-9BF910E3B7AA} = {30E67492-E281-49FE-BCB9-EACB6DFE2E3C}
		{2C88291E-05EB-4BE9-8B33-18F9D56CF928} = {30E67492-E281-49FE-BCB9-EACB6DFE2E3C}
		{78F76C1D-BAF2-4AC1-A05F-A8A7B4A3B95E} = {30E67492-E281-49FE-BCB9-EACB6DFE2E3C}
		{E3D04176-3758-4C9D-84F3-7A4D3859EAE5} = {30E67492-E281-49FE-BCB9-EACB6DFE2E3C}
		{338FEFD0-B7FA-46DB-8041-C5ED7778E6C0} = {D474E3A9-3301-4ED4-9472-7F132FB68F80}
		{5DFEEA8B-BABA-4544-BF36-0A76A0D10C1B} = {D474E3A9-3301-4ED4-9472-7F132FB68F80}
		{459C400C-CC7C-4A97-9D0F-05A61EB4F7C8} = {D474E3A9-3301-4ED4-9472-7F132FB68F80}
		{0F9427B1-792E-4C35-97D8-22A9494CE28F} = {D474E3A9-3301-4ED4-9472-7F132FB68F80}
		{E3842263-E081-49BA-A1B4-BBE82B24E2DB} = {00132900-84C2-45BC-B421-B45218EB0B45}
		{2F936E24-723E-4E7A-B21C-D6F618C74651} = {00132900-84C2-45BC-B421-B45218EB0B45}
		{C93BB83A-9DF6-4707-8978-B2668B4B9E03} = {9F045AA7-6B67-405B-AFA1-5845520366C6}
		{879C9901-CB5C-407A-8655-E3C3632C1D7B} = {9F045AA7-6B67-405B-AFA1-5845520366C6}
		{320107B2-D414-434B-AE0D-4D9F18FF49B8} = {CD59C600-A33F-4C92-8B0F-08A96077146C}
		{415DDC8A-A74D-4AFA-8FCB-2706A062A4FD} = {CD59C600-A33F-4C92-8B0F-08A96077146C}
		{CD566324-734E-47AE-991F-D4DA3E701910} = {0A08D15E-FDC2-47DD-9040-ECE79AE3EE59}
		{DA54313C-4B98-49B1-A8F9-B5827F121886} = {0A08D15E-FDC2-47DD-9040-ECE79AE3EE59}
		{7EBA796F-77A6-47B5-AAFA-2D6315CA1CB1} = {0A08D15E-FDC2-47DD-9040-ECE79AE3EE59}
		{A15EEC02-60EC-4705-A58B-A6ECD55A9628} = {D474E3A9-3301-4ED4-9472-7F132FB68F80}
		{CAE45F3F-038F-4441-9390-0600B0036D14} = {5E8BC192-D219-41B0-9213-F94EB5E43007}
		{6A9C99E7-2552-4A6C-B26E-2D727C5D85CE} = {0A08D15E-FDC2-47DD-9040-ECE79AE3EE59}
		{9EF43EE7-B520-42D9-A75E-2D2887FD234C} = {9F045AA7-6B67-405B-AFA1-5845520366C6}
		{51A5DA32-159C-4888-B6DD-798AEEE70364} = {367B2901-F478-4632-B455-6EAA9811A48D}
		{DCFC80A7-8B43-4F19-87EC-4BF10D433446} = {2F8CD8FE-F916-4D39-893A-7F9034495626}
		{13FBAD97-E771-4506-9313-7C6066C38F72} = {F9C1CAE1-28BA-4B63-A3ED-ED41C2184E4C}
		{0B16DA18-F343-4B39-A7A5-2699E60B6308} = {4F13DEE8-C5E7-4832-9CE5-FE3637427ADB}
		{D60875A3-0DE2-409D-86A0-F540224D054C} = {DCFC80A7-8B43-4F19-87EC-4BF10D433446}
		{F0F4B418-CEC4-47FE-9243-2336E125143D} = {AA8301BF-7330-4FFE-973A-04BF0DBEBBC7}
		{6BA1D455-8C8B-427B-B628-EB934B36F9BB} = {497E1F0D-6407-4B27-923E-8DC293D6BC6C}
		{67EA7DF1-1D5F-4BFE-873A-B1513E06E662} = {9A7C4D82-5832-4AF5-95D1-2347D824E0CF}
	EndGlobalSection
EndGlobal
