
Microsoft Visual Studio Solution File, Format Version 12.00
# Visual Studio 14
VisualStudioVersion = 14.0.25420.1
MinimumVisualStudioVersion = 10.0.40219.1
Project("{2150E333-8FDC-42A3-9474-1A3956D46DE8}") = "DataLayer", "DataLayer", "{CCDC1DAB-3E49-49D3-8D84-661C080F52BA}"
EndProject
Project("{FAE04EC0-301F-11D3-BF4B-00C04F79EFBC}") = "EF.Entities", "..\EFEntities\EF.Entities.csproj", "{FAD2A8C8-A1B4-4A3C-8E37-0388C0E3733C}"
EndProject
Project("{FAE04EC0-301F-11D3-BF4B-00C04F79EFBC}") = "EF.DBContext", "..\EFDataContext\EF.DBContext.csproj", "{27C692A7-9601-43FB-8243-42B997107649}"
EndProject
Project("{FAE04EC0-301F-11D3-BF4B-00C04F79EFBC}") = "EF.Mappings", "..\EF.Mappings\EF.Mappings.csproj", "{DA54313C-4B98-49B1-A8F9-B5827F121886}"
EndProject
Project("{2150E333-8FDC-42A3-9474-1A3956D46DE8}") = "PresentationLayer", "PresentationLayer", "{09A01014-FD83-4157-9A9D-A33A72E1A42E}"
EndProject
Project("{FAE04EC0-301F-11D3-BF4B-00C04F79EFBC}") = "Resources", "..\Resources\Resources.csproj", "{9EF43EE7-B520-42D9-A75E-2D2887FD234C}"
EndProject
Project("{2150E333-8FDC-42A3-9474-1A3956D46DE8}") = "Domain", "Domain", "{C396B2B2-5608-4CB3-92B7-653C0333E82E}"
EndProject
Project("{FAE04EC0-301F-11D3-BF4B-00C04F79EFBC}") = "ValidationSets", "..\ValidationSets\ValidationSets.csproj", "{6A9C99E7-2552-4A6C-B26E-2D727C5D85CE}"
EndProject
Project("{2150E333-8FDC-42A3-9474-1A3956D46DE8}") = "Revolution", "Revolution", "{F520993E-61D9-4D25-8CC1-6A778784E768}"
EndProject
Project("{2150E333-8FDC-42A3-9474-1A3956D46DE8}") = "T4 Templates", "T4 Templates", "{7F924015-AC89-4658-8AA0-6A50FF8255B8}"
EndProject
Project("{FAE04EC0-301F-11D3-BF4B-00C04F79EFBC}") = "Interfaces", "..\Interfaces\Interfaces.csproj", "{AD573873-C8E6-4EA3-93F5-0D39A92FC9F6}"
EndProject
Project("{FAE04EC0-301F-11D3-BF4B-00C04F79EFBC}") = "Amoeba-MRManager", "..\Amoeba-MRManager\Amoeba-MRManager.csproj", "{3A381FA9-C080-4F5A-8416-27E78C927632}"
EndProject
Project("{FAE04EC0-301F-11D3-BF4B-00C04F79EFBC}") = "MRManager", "MRManager.csproj", "{83852B7C-5680-4695-9190-DF230A6004A1}"
EndProject
Project("{FAE04EC0-301F-11D3-BF4B-00C04F79EFBC}") = "ViewModels", "..\ViewModels\ViewModels.csproj", "{DB1E7BD6-7FE0-4CDD-8B6D-EDBB0D156B41}"
EndProject
Project("{FAE04EC0-301F-11D3-BF4B-00C04F79EFBC}") = "DesignTimeData", "..\DesignTimeData\DesignTimeData.csproj", "{E7EC52DC-8650-4CF0-BCAB-ED8A9473D2CF}"
EndProject
Project("{2150E333-8FDC-42A3-9474-1A3956D46DE8}") = "Design Time", "Design Time", "{74215D32-1746-4835-B5DC-D6D4CD0838BF}"
EndProject
Project("{FAE04EC0-301F-11D3-BF4B-00C04F79EFBC}") = "Expressions", "..\Expressions\Expressions.csproj", "{2AB54CE2-E09B-40B4-9CBF-184B3E770B0D}"
EndProject
Project("{FAE04EC0-301F-11D3-BF4B-00C04F79EFBC}") = "MRManager-UnitTests", "..\MRManager-UnitTests\MRManager-UnitTests.csproj", "{B4B6C6C7-C65E-4185-B413-EBF7395692D3}"
EndProject
Project("{2150E333-8FDC-42A3-9474-1A3956D46DE8}") = "UnitTest", "UnitTest", "{6B1D11C7-F318-4D5A-928C-FD2D4CF6400F}"
EndProject
Project("{FAE04EC0-301F-11D3-BF4B-00C04F79EFBC}") = "UnitTests", "..\UnitTests\UnitTests.csproj", "{6D9D31A6-6B44-4ABC-9A86-628FF633681D}"
EndProject
Project("{FAE04EC0-301F-11D3-BF4B-00C04F79EFBC}") = "DataTemplates", "..\DataTemplates\DataTemplates.csproj", "{2F8BEF84-3C02-48A4-A576-FBF41E3FFFDD}"
EndProject
Project("{FAE04EC0-301F-11D3-BF4B-00C04F79EFBC}") = "ActorSystem", "..\Revolution\ActorSystem\ActorSystem.csproj", "{338FEFD0-B7FA-46DB-8041-C5ED7778E6C0}"
EndProject
Project("{FAE04EC0-301F-11D3-BF4B-00C04F79EFBC}") = "BootStrapper", "..\Revolution\BootStrapper\BootStrapper.csproj", "{5DFEEA8B-BABA-4544-BF36-0A76A0D10C1B}"
EndProject
Project("{FAE04EC0-301F-11D3-BF4B-00C04F79EFBC}") = "Common", "..\Revolution\Common\Common.csproj", "{CB6D5FBC-0C13-437D-B4F3-A0EC4D5673B3}"
EndProject
Project("{FAE04EC0-301F-11D3-BF4B-00C04F79EFBC}") = "CommonMessages", "..\Revolution\CommonMessages\CommonMessages.csproj", "{77007560-89DC-4E1F-9313-AE064A048AD4}"
EndProject
Project("{FAE04EC0-301F-11D3-BF4B-00C04F79EFBC}") = "Converters", "..\Revolution\Converters\Converters.csproj", "{B7F58070-3C58-46AF-95D1-6FC0D99D48EE}"
EndProject
Project("{FAE04EC0-301F-11D3-BF4B-00C04F79EFBC}") = "Core.Common.UI", "..\Revolution\Core.Common.UI\Core.Common.UI.csproj", "{5DD82AD7-F344-45E3-92CC-96F8D07700AF}"
EndProject
Project("{FAE04EC0-301F-11D3-BF4B-00C04F79EFBC}") = "DataServices", "..\Revolution\DataServices\DataServices.csproj", "{320107B2-D414-434B-AE0D-4D9F18FF49B8}"
EndProject
Project("{FAE04EC0-301F-11D3-BF4B-00C04F79EFBC}") = "EFRepository", "..\Revolution\EFRepository\EFRepository.csproj", "{415DDC8A-A74D-4AFA-8FCB-2706A062A4FD}"
EndProject
Project("{FAE04EC0-301F-11D3-BF4B-00C04F79EFBC}") = "EventAggregator", "..\Revolution\EventAggregator\EventAggregator.csproj", "{31E6B370-01F0-4489-832F-436CB97A6718}"
EndProject
Project("{FAE04EC0-301F-11D3-BF4B-00C04F79EFBC}") = "EventMessages", "..\Revolution\EventMessages\EventMessages.csproj", "{E3D04176-3758-4C9D-84F3-7A4D3859EAE5}"
EndProject
Project("{FAE04EC0-301F-11D3-BF4B-00C04F79EFBC}") = "ExpressionComputations", "..\Revolution\ExpressionComputations\ExpressionComputations.csproj", "{D4455C5B-2921-4122-A32D-B19380A11CA5}"
EndProject
Project("{FAE04EC0-301F-11D3-BF4B-00C04F79EFBC}") = "LinqSpecs", "..\Revolution\LinqSpecs\LinqSpecs.csproj", "{D60875A3-0DE2-409D-86A0-F540224D054C}"
EndProject
Project("{FAE04EC0-301F-11D3-BF4B-00C04F79EFBC}") = "PropertyExtensions", "..\Revolution\PropertyExtensions\PropertyExtensions.csproj", "{A50703DE-44B8-4DDE-8227-A5EE1E39EE84}"
EndProject
Project("{FAE04EC0-301F-11D3-BF4B-00C04F79EFBC}") = "RevolutionEntities", "..\Revolution\RevolutionEntities\RevolutionEntities.csproj", "{C827930A-0D05-4EE2-B9AC-DB1CF5144E16}"
EndProject
Project("{FAE04EC0-301F-11D3-BF4B-00C04F79EFBC}") = "SystemInterfaces", "..\Revolution\SystemInterfaces\SystemInterfaces.csproj", "{E3842263-E081-49BA-A1B4-BBE82B24E2DB}"
EndProject
Project("{FAE04EC0-301F-11D3-BF4B-00C04F79EFBC}") = "Utilities", "..\Revolution\Utilities\Utilities.csproj", "{0F9427B1-792E-4C35-97D8-22A9494CE28F}"
EndProject
Project("{FAE04EC0-301F-11D3-BF4B-00C04F79EFBC}") = "UserControls", "..\Revolution\UserControls\UserControls.csproj", "{51A5DA32-159C-4888-B6DD-798AEEE70364}"
EndProject
Project("{FAE04EC0-301F-11D3-BF4B-00C04F79EFBC}") = "ViewMessages", "..\Revolution\ViewMessages\ViewMessages.csproj", "{EB1E2E94-D6FB-49DF-8036-9BF910E3B7AA}"
EndProject
Project("{FAE04EC0-301F-11D3-BF4B-00C04F79EFBC}") = "ViewModel.Interfaces", "..\Revolution\ViewModel.Interfaces\ViewModel.Interfaces.csproj", "{2F936E24-723E-4E7A-B21C-D6F618C74651}"
EndProject
Project("{FAE04EC0-301F-11D3-BF4B-00C04F79EFBC}") = "T4 Templates", "..\Amoeba\T4 Templates\T4 Templates.csproj", "{44130F44-350C-41EA-B6F4-5FEE5D11918B}"
EndProject
Project("{FAE04EC0-301F-11D3-BF4B-00C04F79EFBC}") = "T4 Repository", "..\Amoeba\T4 Repository\T4 Repository.csproj", "{F321D5AD-2A83-47CE-98C3-7442E0552CE5}"
EndProject
Project("{FAE04EC0-301F-11D3-BF4B-00C04F79EFBC}") = "T4 Entities", "..\Amoeba\T4 Entities\T4 Entities.csproj", "{492D62C4-38C5-46CA-880E-6817EA791069}"
EndProject
Project("{FAE04EC0-301F-11D3-BF4B-00C04F79EFBC}") = "Specifications", "..\Amoeba\Specifications\Specifications.csproj", "{13FBAD97-E771-4506-9313-7C6066C38F72}"
EndProject
Project("{FAE04EC0-301F-11D3-BF4B-00C04F79EFBC}") = "T4Utilities", "..\Amoeba\T4Utilities\T4Utilities.csproj", "{DEE7E1E7-BABA-4320-BA9E-E10C55E80252}"
EndProject
Project("{FAE04EC0-301F-11D3-BF4B-00C04F79EFBC}") = "System.Linq.Dynamic", "..\Revolution\DynamicLinq\System.Linq.Dynamic\System.Linq.Dynamic.csproj", "{17C0D5DE-C72D-4A06-A12C-445EBCF3B9EA}"
EndProject
Project("{FAE04EC0-301F-11D3-BF4B-00C04F79EFBC}") = "RevolutionData", "..\Revolution\RevolutionData\RevolutionData.csproj", "{959D7F6B-0426-452C-8962-C0F4DADBE3B4}"
EndProject
Project("{FAE04EC0-301F-11D3-BF4B-00C04F79EFBC}") = "Actor.Interfaces", "..\Revolution\Actor.Interfaces\Actor.Interfaces.csproj", "{8B10C72D-9F33-4290-B562-44CF1F718FA5}"
EndProject
Project("{FAE04EC0-301F-11D3-BF4B-00C04F79EFBC}") = "DomainMessages", "..\DomainMessages\DomainMessages.csproj", "{7EE26A5B-63E6-450E-B4BD-66D0205FB492}"
EndProject
Project("{FAE04EC0-301F-11D3-BF4B-00C04F79EFBC}") = "Domain.Interfaces", "..\Domain.Interfaces\Domain.Interfaces.csproj", "{E41CF673-FE71-4AAE-A8FC-B571A36C1211}"
EndProject
Project("{FAE04EC0-301F-11D3-BF4B-00C04F79EFBC}") = "RevolutionLogger", "..\Revolution\RevolutionLogger\RevolutionLogger.csproj", "{C868CD42-B7D3-4C2D-B4A8-6BF0E94BD620}"
EndProject
Project("{FAE04EC0-301F-11D3-BF4B-00C04F79EFBC}") = "ComponentModel.Composition.Hosting.Extension", "..\Revolution\MefGeneric-master\MEFGeneric Preview 9\src\ComponentModel.Composition.Hosting.Extension\ComponentModel.Composition.Hosting.Extension.csproj", "{0CC9E320-7E0A-4D77-ADBD-021FF590BD06}"
EndProject
Project("{FAE04EC0-301F-11D3-BF4B-00C04F79EFBC}") = "XamlGenericTypeExtension", "..\Revolution\XamlGenericTypeExtension\XamlGenericTypeExtension.csproj", "{DC325A78-B3CA-4717-89C6-28FC15A385D7}"
EndProject
Project("{FAE04EC0-301F-11D3-BF4B-00C04F79EFBC}") = "ViewModel.WorkFlow", "..\ViewModel.WorkFlow\ViewModel.WorkFlow.csproj", "{EE2FD2EF-1F6D-4AE6-B768-B788CDCFC250}"
EndProject
Project("{FAE04EC0-301F-11D3-BF4B-00C04F79EFBC}") = "Process.WorkFlow", "Process.WorkFlow\Process.WorkFlow.csproj", "{4F0BAA58-3B45-4136-8095-445D406B4D23}"
EndProject
Global
	GlobalSection(SolutionConfigurationPlatforms) = preSolution
		Debug|Any CPU = Debug|Any CPU
		Debug|x64 = Debug|x64
		Debug|x86 = Debug|x86
		Release|Any CPU = Release|Any CPU
		Release|x64 = Release|x64
		Release|x86 = Release|x86
	EndGlobalSection
	GlobalSection(ProjectConfigurationPlatforms) = postSolution
		{FAD2A8C8-A1B4-4A3C-8E37-0388C0E3733C}.Debug|Any CPU.ActiveCfg = Debug|Any CPU
		{FAD2A8C8-A1B4-4A3C-8E37-0388C0E3733C}.Debug|Any CPU.Build.0 = Debug|Any CPU
		{FAD2A8C8-A1B4-4A3C-8E37-0388C0E3733C}.Debug|x64.ActiveCfg = Debug|x64
		{FAD2A8C8-A1B4-4A3C-8E37-0388C0E3733C}.Debug|x64.Build.0 = Debug|x64
		{FAD2A8C8-A1B4-4A3C-8E37-0388C0E3733C}.Debug|x86.ActiveCfg = Debug|Any CPU
		{FAD2A8C8-A1B4-4A3C-8E37-0388C0E3733C}.Debug|x86.Build.0 = Debug|Any CPU
		{FAD2A8C8-A1B4-4A3C-8E37-0388C0E3733C}.Release|Any CPU.ActiveCfg = Release|Any CPU
		{FAD2A8C8-A1B4-4A3C-8E37-0388C0E3733C}.Release|Any CPU.Build.0 = Release|Any CPU
		{FAD2A8C8-A1B4-4A3C-8E37-0388C0E3733C}.Release|x64.ActiveCfg = Release|x64
		{FAD2A8C8-A1B4-4A3C-8E37-0388C0E3733C}.Release|x64.Build.0 = Release|x64
		{FAD2A8C8-A1B4-4A3C-8E37-0388C0E3733C}.Release|x86.ActiveCfg = Release|Any CPU
		{FAD2A8C8-A1B4-4A3C-8E37-0388C0E3733C}.Release|x86.Build.0 = Release|Any CPU
		{27C692A7-9601-43FB-8243-42B997107649}.Debug|Any CPU.ActiveCfg = Debug|Any CPU
		{27C692A7-9601-43FB-8243-42B997107649}.Debug|Any CPU.Build.0 = Debug|Any CPU
		{27C692A7-9601-43FB-8243-42B997107649}.Debug|x64.ActiveCfg = Debug|x64
		{27C692A7-9601-43FB-8243-42B997107649}.Debug|x64.Build.0 = Debug|x64
		{27C692A7-9601-43FB-8243-42B997107649}.Debug|x86.ActiveCfg = Debug|Any CPU
		{27C692A7-9601-43FB-8243-42B997107649}.Debug|x86.Build.0 = Debug|Any CPU
		{27C692A7-9601-43FB-8243-42B997107649}.Release|Any CPU.ActiveCfg = Release|Any CPU
		{27C692A7-9601-43FB-8243-42B997107649}.Release|Any CPU.Build.0 = Release|Any CPU
		{27C692A7-9601-43FB-8243-42B997107649}.Release|x64.ActiveCfg = Release|x64
		{27C692A7-9601-43FB-8243-42B997107649}.Release|x64.Build.0 = Release|x64
		{27C692A7-9601-43FB-8243-42B997107649}.Release|x86.ActiveCfg = Release|Any CPU
		{27C692A7-9601-43FB-8243-42B997107649}.Release|x86.Build.0 = Release|Any CPU
		{DA54313C-4B98-49B1-A8F9-B5827F121886}.Debug|Any CPU.ActiveCfg = Debug|Any CPU
		{DA54313C-4B98-49B1-A8F9-B5827F121886}.Debug|Any CPU.Build.0 = Debug|Any CPU
		{DA54313C-4B98-49B1-A8F9-B5827F121886}.Debug|x64.ActiveCfg = Debug|x64
		{DA54313C-4B98-49B1-A8F9-B5827F121886}.Debug|x64.Build.0 = Debug|x64
		{DA54313C-4B98-49B1-A8F9-B5827F121886}.Debug|x86.ActiveCfg = Debug|Any CPU
		{DA54313C-4B98-49B1-A8F9-B5827F121886}.Debug|x86.Build.0 = Debug|Any CPU
		{DA54313C-4B98-49B1-A8F9-B5827F121886}.Release|Any CPU.ActiveCfg = Release|Any CPU
		{DA54313C-4B98-49B1-A8F9-B5827F121886}.Release|Any CPU.Build.0 = Release|Any CPU
		{DA54313C-4B98-49B1-A8F9-B5827F121886}.Release|x64.ActiveCfg = Release|x64
		{DA54313C-4B98-49B1-A8F9-B5827F121886}.Release|x64.Build.0 = Release|x64
		{DA54313C-4B98-49B1-A8F9-B5827F121886}.Release|x86.ActiveCfg = Release|Any CPU
		{DA54313C-4B98-49B1-A8F9-B5827F121886}.Release|x86.Build.0 = Release|Any CPU
		{9EF43EE7-B520-42D9-A75E-2D2887FD234C}.Debug|Any CPU.ActiveCfg = Debug|Any CPU
		{9EF43EE7-B520-42D9-A75E-2D2887FD234C}.Debug|Any CPU.Build.0 = Debug|Any CPU
		{9EF43EE7-B520-42D9-A75E-2D2887FD234C}.Debug|x64.ActiveCfg = Debug|x64
		{9EF43EE7-B520-42D9-A75E-2D2887FD234C}.Debug|x64.Build.0 = Debug|x64
		{9EF43EE7-B520-42D9-A75E-2D2887FD234C}.Debug|x86.ActiveCfg = Debug|Any CPU
		{9EF43EE7-B520-42D9-A75E-2D2887FD234C}.Debug|x86.Build.0 = Debug|Any CPU
		{9EF43EE7-B520-42D9-A75E-2D2887FD234C}.Release|Any CPU.ActiveCfg = Release|Any CPU
		{9EF43EE7-B520-42D9-A75E-2D2887FD234C}.Release|Any CPU.Build.0 = Release|Any CPU
		{9EF43EE7-B520-42D9-A75E-2D2887FD234C}.Release|x64.ActiveCfg = Release|x64
		{9EF43EE7-B520-42D9-A75E-2D2887FD234C}.Release|x64.Build.0 = Release|x64
		{9EF43EE7-B520-42D9-A75E-2D2887FD234C}.Release|x86.ActiveCfg = Release|Any CPU
		{9EF43EE7-B520-42D9-A75E-2D2887FD234C}.Release|x86.Build.0 = Release|Any CPU
		{6A9C99E7-2552-4A6C-B26E-2D727C5D85CE}.Debug|Any CPU.ActiveCfg = Debug|Any CPU
		{6A9C99E7-2552-4A6C-B26E-2D727C5D85CE}.Debug|Any CPU.Build.0 = Debug|Any CPU
		{6A9C99E7-2552-4A6C-B26E-2D727C5D85CE}.Debug|x64.ActiveCfg = Debug|x64
		{6A9C99E7-2552-4A6C-B26E-2D727C5D85CE}.Debug|x64.Build.0 = Debug|x64
		{6A9C99E7-2552-4A6C-B26E-2D727C5D85CE}.Debug|x86.ActiveCfg = Debug|Any CPU
		{6A9C99E7-2552-4A6C-B26E-2D727C5D85CE}.Debug|x86.Build.0 = Debug|Any CPU
		{6A9C99E7-2552-4A6C-B26E-2D727C5D85CE}.Release|Any CPU.ActiveCfg = Release|Any CPU
		{6A9C99E7-2552-4A6C-B26E-2D727C5D85CE}.Release|Any CPU.Build.0 = Release|Any CPU
		{6A9C99E7-2552-4A6C-B26E-2D727C5D85CE}.Release|x64.ActiveCfg = Release|x64
		{6A9C99E7-2552-4A6C-B26E-2D727C5D85CE}.Release|x64.Build.0 = Release|x64
		{6A9C99E7-2552-4A6C-B26E-2D727C5D85CE}.Release|x86.ActiveCfg = Release|Any CPU
		{6A9C99E7-2552-4A6C-B26E-2D727C5D85CE}.Release|x86.Build.0 = Release|Any CPU
		{AD573873-C8E6-4EA3-93F5-0D39A92FC9F6}.Debug|Any CPU.ActiveCfg = Debug|Any CPU
		{AD573873-C8E6-4EA3-93F5-0D39A92FC9F6}.Debug|Any CPU.Build.0 = Debug|Any CPU
		{AD573873-C8E6-4EA3-93F5-0D39A92FC9F6}.Debug|x64.ActiveCfg = Debug|x64
		{AD573873-C8E6-4EA3-93F5-0D39A92FC9F6}.Debug|x64.Build.0 = Debug|x64
		{AD573873-C8E6-4EA3-93F5-0D39A92FC9F6}.Debug|x86.ActiveCfg = Debug|Any CPU
		{AD573873-C8E6-4EA3-93F5-0D39A92FC9F6}.Debug|x86.Build.0 = Debug|Any CPU
		{AD573873-C8E6-4EA3-93F5-0D39A92FC9F6}.Release|Any CPU.ActiveCfg = Release|Any CPU
		{AD573873-C8E6-4EA3-93F5-0D39A92FC9F6}.Release|Any CPU.Build.0 = Release|Any CPU
		{AD573873-C8E6-4EA3-93F5-0D39A92FC9F6}.Release|x64.ActiveCfg = Release|x64
		{AD573873-C8E6-4EA3-93F5-0D39A92FC9F6}.Release|x64.Build.0 = Release|x64
		{AD573873-C8E6-4EA3-93F5-0D39A92FC9F6}.Release|x86.ActiveCfg = Release|Any CPU
		{AD573873-C8E6-4EA3-93F5-0D39A92FC9F6}.Release|x86.Build.0 = Release|Any CPU
		{3A381FA9-C080-4F5A-8416-27E78C927632}.Debug|Any CPU.ActiveCfg = Debug|Any CPU
		{3A381FA9-C080-4F5A-8416-27E78C927632}.Debug|x64.ActiveCfg = Debug|x64
		{3A381FA9-C080-4F5A-8416-27E78C927632}.Debug|x86.ActiveCfg = Debug|Any CPU
		{3A381FA9-C080-4F5A-8416-27E78C927632}.Debug|x86.Build.0 = Debug|Any CPU
		{3A381FA9-C080-4F5A-8416-27E78C927632}.Release|Any CPU.ActiveCfg = Release|Any CPU
		{3A381FA9-C080-4F5A-8416-27E78C927632}.Release|Any CPU.Build.0 = Release|Any CPU
		{3A381FA9-C080-4F5A-8416-27E78C927632}.Release|x64.ActiveCfg = Release|x64
		{3A381FA9-C080-4F5A-8416-27E78C927632}.Release|x86.ActiveCfg = Release|Any CPU
		{3A381FA9-C080-4F5A-8416-27E78C927632}.Release|x86.Build.0 = Release|Any CPU
		{83852B7C-5680-4695-9190-DF230A6004A1}.Debug|Any CPU.ActiveCfg = Debug|Any CPU
		{83852B7C-5680-4695-9190-DF230A6004A1}.Debug|Any CPU.Build.0 = Debug|Any CPU
		{83852B7C-5680-4695-9190-DF230A6004A1}.Debug|x64.ActiveCfg = Debug|x64
		{83852B7C-5680-4695-9190-DF230A6004A1}.Debug|x64.Build.0 = Debug|x64
		{83852B7C-5680-4695-9190-DF230A6004A1}.Debug|x86.ActiveCfg = Debug|Any CPU
		{83852B7C-5680-4695-9190-DF230A6004A1}.Debug|x86.Build.0 = Debug|Any CPU
		{83852B7C-5680-4695-9190-DF230A6004A1}.Release|Any CPU.ActiveCfg = Release|Any CPU
		{83852B7C-5680-4695-9190-DF230A6004A1}.Release|Any CPU.Build.0 = Release|Any CPU
		{83852B7C-5680-4695-9190-DF230A6004A1}.Release|x64.ActiveCfg = Release|x64
		{83852B7C-5680-4695-9190-DF230A6004A1}.Release|x64.Build.0 = Release|x64
		{83852B7C-5680-4695-9190-DF230A6004A1}.Release|x86.ActiveCfg = Release|Any CPU
		{83852B7C-5680-4695-9190-DF230A6004A1}.Release|x86.Build.0 = Release|Any CPU
		{DB1E7BD6-7FE0-4CDD-8B6D-EDBB0D156B41}.Debug|Any CPU.ActiveCfg = Debug|Any CPU
		{DB1E7BD6-7FE0-4CDD-8B6D-EDBB0D156B41}.Debug|Any CPU.Build.0 = Debug|Any CPU
		{DB1E7BD6-7FE0-4CDD-8B6D-EDBB0D156B41}.Debug|x64.ActiveCfg = Debug|x64
		{DB1E7BD6-7FE0-4CDD-8B6D-EDBB0D156B41}.Debug|x64.Build.0 = Debug|x64
		{DB1E7BD6-7FE0-4CDD-8B6D-EDBB0D156B41}.Debug|x86.ActiveCfg = Debug|Any CPU
		{DB1E7BD6-7FE0-4CDD-8B6D-EDBB0D156B41}.Debug|x86.Build.0 = Debug|Any CPU
		{DB1E7BD6-7FE0-4CDD-8B6D-EDBB0D156B41}.Release|Any CPU.ActiveCfg = Release|Any CPU
		{DB1E7BD6-7FE0-4CDD-8B6D-EDBB0D156B41}.Release|Any CPU.Build.0 = Release|Any CPU
		{DB1E7BD6-7FE0-4CDD-8B6D-EDBB0D156B41}.Release|x64.ActiveCfg = Release|x64
		{DB1E7BD6-7FE0-4CDD-8B6D-EDBB0D156B41}.Release|x64.Build.0 = Release|x64
		{DB1E7BD6-7FE0-4CDD-8B6D-EDBB0D156B41}.Release|x86.ActiveCfg = Release|Any CPU
		{DB1E7BD6-7FE0-4CDD-8B6D-EDBB0D156B41}.Release|x86.Build.0 = Release|Any CPU
		{E7EC52DC-8650-4CF0-BCAB-ED8A9473D2CF}.Debug|Any CPU.ActiveCfg = Debug|Any CPU
		{E7EC52DC-8650-4CF0-BCAB-ED8A9473D2CF}.Debug|Any CPU.Build.0 = Debug|Any CPU
		{E7EC52DC-8650-4CF0-BCAB-ED8A9473D2CF}.Debug|x64.ActiveCfg = Debug|x64
		{E7EC52DC-8650-4CF0-BCAB-ED8A9473D2CF}.Debug|x64.Build.0 = Debug|x64
		{E7EC52DC-8650-4CF0-BCAB-ED8A9473D2CF}.Debug|x86.ActiveCfg = Debug|Any CPU
		{E7EC52DC-8650-4CF0-BCAB-ED8A9473D2CF}.Debug|x86.Build.0 = Debug|Any CPU
		{E7EC52DC-8650-4CF0-BCAB-ED8A9473D2CF}.Release|Any CPU.ActiveCfg = Release|Any CPU
		{E7EC52DC-8650-4CF0-BCAB-ED8A9473D2CF}.Release|Any CPU.Build.0 = Release|Any CPU
		{E7EC52DC-8650-4CF0-BCAB-ED8A9473D2CF}.Release|x64.ActiveCfg = Release|x64
		{E7EC52DC-8650-4CF0-BCAB-ED8A9473D2CF}.Release|x64.Build.0 = Release|x64
		{E7EC52DC-8650-4CF0-BCAB-ED8A9473D2CF}.Release|x86.ActiveCfg = Release|Any CPU
		{E7EC52DC-8650-4CF0-BCAB-ED8A9473D2CF}.Release|x86.Build.0 = Release|Any CPU
		{2AB54CE2-E09B-40B4-9CBF-184B3E770B0D}.Debug|Any CPU.ActiveCfg = Debug|Any CPU
		{2AB54CE2-E09B-40B4-9CBF-184B3E770B0D}.Debug|Any CPU.Build.0 = Debug|Any CPU
		{2AB54CE2-E09B-40B4-9CBF-184B3E770B0D}.Debug|x64.ActiveCfg = Debug|x64
		{2AB54CE2-E09B-40B4-9CBF-184B3E770B0D}.Debug|x64.Build.0 = Debug|x64
		{2AB54CE2-E09B-40B4-9CBF-184B3E770B0D}.Debug|x86.ActiveCfg = Debug|Any CPU
		{2AB54CE2-E09B-40B4-9CBF-184B3E770B0D}.Debug|x86.Build.0 = Debug|Any CPU
		{2AB54CE2-E09B-40B4-9CBF-184B3E770B0D}.Release|Any CPU.ActiveCfg = Release|Any CPU
		{2AB54CE2-E09B-40B4-9CBF-184B3E770B0D}.Release|Any CPU.Build.0 = Release|Any CPU
		{2AB54CE2-E09B-40B4-9CBF-184B3E770B0D}.Release|x64.ActiveCfg = Release|x64
		{2AB54CE2-E09B-40B4-9CBF-184B3E770B0D}.Release|x64.Build.0 = Release|x64
		{2AB54CE2-E09B-40B4-9CBF-184B3E770B0D}.Release|x86.ActiveCfg = Release|Any CPU
		{2AB54CE2-E09B-40B4-9CBF-184B3E770B0D}.Release|x86.Build.0 = Release|Any CPU
		{B4B6C6C7-C65E-4185-B413-EBF7395692D3}.Debug|Any CPU.ActiveCfg = Debug|Any CPU
		{B4B6C6C7-C65E-4185-B413-EBF7395692D3}.Debug|Any CPU.Build.0 = Debug|Any CPU
		{B4B6C6C7-C65E-4185-B413-EBF7395692D3}.Debug|x64.ActiveCfg = Debug|x64
		{B4B6C6C7-C65E-4185-B413-EBF7395692D3}.Debug|x64.Build.0 = Debug|x64
		{B4B6C6C7-C65E-4185-B413-EBF7395692D3}.Debug|x86.ActiveCfg = Debug|Any CPU
		{B4B6C6C7-C65E-4185-B413-EBF7395692D3}.Debug|x86.Build.0 = Debug|Any CPU
		{B4B6C6C7-C65E-4185-B413-EBF7395692D3}.Release|Any CPU.ActiveCfg = Release|Any CPU
		{B4B6C6C7-C65E-4185-B413-EBF7395692D3}.Release|Any CPU.Build.0 = Release|Any CPU
		{B4B6C6C7-C65E-4185-B413-EBF7395692D3}.Release|x64.ActiveCfg = Release|x64
		{B4B6C6C7-C65E-4185-B413-EBF7395692D3}.Release|x64.Build.0 = Release|x64
		{B4B6C6C7-C65E-4185-B413-EBF7395692D3}.Release|x86.ActiveCfg = Release|Any CPU
		{B4B6C6C7-C65E-4185-B413-EBF7395692D3}.Release|x86.Build.0 = Release|Any CPU
		{6D9D31A6-6B44-4ABC-9A86-628FF633681D}.Debug|Any CPU.ActiveCfg = Debug|Any CPU
		{6D9D31A6-6B44-4ABC-9A86-628FF633681D}.Debug|Any CPU.Build.0 = Debug|Any CPU
		{6D9D31A6-6B44-4ABC-9A86-628FF633681D}.Debug|x64.ActiveCfg = Debug|x64
		{6D9D31A6-6B44-4ABC-9A86-628FF633681D}.Debug|x64.Build.0 = Debug|x64
		{6D9D31A6-6B44-4ABC-9A86-628FF633681D}.Debug|x86.ActiveCfg = Debug|Any CPU
		{6D9D31A6-6B44-4ABC-9A86-628FF633681D}.Debug|x86.Build.0 = Debug|Any CPU
		{6D9D31A6-6B44-4ABC-9A86-628FF633681D}.Release|Any CPU.ActiveCfg = Release|Any CPU
		{6D9D31A6-6B44-4ABC-9A86-628FF633681D}.Release|Any CPU.Build.0 = Release|Any CPU
		{6D9D31A6-6B44-4ABC-9A86-628FF633681D}.Release|x64.ActiveCfg = Release|x64
		{6D9D31A6-6B44-4ABC-9A86-628FF633681D}.Release|x64.Build.0 = Release|x64
		{6D9D31A6-6B44-4ABC-9A86-628FF633681D}.Release|x86.ActiveCfg = Release|Any CPU
		{6D9D31A6-6B44-4ABC-9A86-628FF633681D}.Release|x86.Build.0 = Release|Any CPU
		{2F8BEF84-3C02-48A4-A576-FBF41E3FFFDD}.Debug|Any CPU.ActiveCfg = Debug|Any CPU
		{2F8BEF84-3C02-48A4-A576-FBF41E3FFFDD}.Debug|Any CPU.Build.0 = Debug|Any CPU
		{2F8BEF84-3C02-48A4-A576-FBF41E3FFFDD}.Debug|x64.ActiveCfg = Debug|x64
		{2F8BEF84-3C02-48A4-A576-FBF41E3FFFDD}.Debug|x64.Build.0 = Debug|x64
		{2F8BEF84-3C02-48A4-A576-FBF41E3FFFDD}.Debug|x86.ActiveCfg = Debug|Any CPU
		{2F8BEF84-3C02-48A4-A576-FBF41E3FFFDD}.Debug|x86.Build.0 = Debug|Any CPU
		{2F8BEF84-3C02-48A4-A576-FBF41E3FFFDD}.Release|Any CPU.ActiveCfg = Release|Any CPU
		{2F8BEF84-3C02-48A4-A576-FBF41E3FFFDD}.Release|Any CPU.Build.0 = Release|Any CPU
		{2F8BEF84-3C02-48A4-A576-FBF41E3FFFDD}.Release|x64.ActiveCfg = Release|x64
		{2F8BEF84-3C02-48A4-A576-FBF41E3FFFDD}.Release|x64.Build.0 = Release|x64
		{2F8BEF84-3C02-48A4-A576-FBF41E3FFFDD}.Release|x86.ActiveCfg = Release|Any CPU
		{2F8BEF84-3C02-48A4-A576-FBF41E3FFFDD}.Release|x86.Build.0 = Release|Any CPU
		{338FEFD0-B7FA-46DB-8041-C5ED7778E6C0}.Debug|Any CPU.ActiveCfg = Debug|Any CPU
		{338FEFD0-B7FA-46DB-8041-C5ED7778E6C0}.Debug|Any CPU.Build.0 = Debug|Any CPU
		{338FEFD0-B7FA-46DB-8041-C5ED7778E6C0}.Debug|x64.ActiveCfg = Debug|x64
		{338FEFD0-B7FA-46DB-8041-C5ED7778E6C0}.Debug|x64.Build.0 = Debug|x64
		{338FEFD0-B7FA-46DB-8041-C5ED7778E6C0}.Debug|x86.ActiveCfg = Debug|Any CPU
		{338FEFD0-B7FA-46DB-8041-C5ED7778E6C0}.Debug|x86.Build.0 = Debug|Any CPU
		{338FEFD0-B7FA-46DB-8041-C5ED7778E6C0}.Release|Any CPU.ActiveCfg = Release|Any CPU
		{338FEFD0-B7FA-46DB-8041-C5ED7778E6C0}.Release|Any CPU.Build.0 = Release|Any CPU
		{338FEFD0-B7FA-46DB-8041-C5ED7778E6C0}.Release|x64.ActiveCfg = Release|x64
		{338FEFD0-B7FA-46DB-8041-C5ED7778E6C0}.Release|x64.Build.0 = Release|x64
		{338FEFD0-B7FA-46DB-8041-C5ED7778E6C0}.Release|x86.ActiveCfg = Release|Any CPU
		{338FEFD0-B7FA-46DB-8041-C5ED7778E6C0}.Release|x86.Build.0 = Release|Any CPU
		{5DFEEA8B-BABA-4544-BF36-0A76A0D10C1B}.Debug|Any CPU.ActiveCfg = Debug|Any CPU
		{5DFEEA8B-BABA-4544-BF36-0A76A0D10C1B}.Debug|Any CPU.Build.0 = Debug|Any CPU
		{5DFEEA8B-BABA-4544-BF36-0A76A0D10C1B}.Debug|x64.ActiveCfg = Debug|x64
		{5DFEEA8B-BABA-4544-BF36-0A76A0D10C1B}.Debug|x64.Build.0 = Debug|x64
		{5DFEEA8B-BABA-4544-BF36-0A76A0D10C1B}.Debug|x86.ActiveCfg = Debug|Any CPU
		{5DFEEA8B-BABA-4544-BF36-0A76A0D10C1B}.Debug|x86.Build.0 = Debug|Any CPU
		{5DFEEA8B-BABA-4544-BF36-0A76A0D10C1B}.Release|Any CPU.ActiveCfg = Release|Any CPU
		{5DFEEA8B-BABA-4544-BF36-0A76A0D10C1B}.Release|Any CPU.Build.0 = Release|Any CPU
		{5DFEEA8B-BABA-4544-BF36-0A76A0D10C1B}.Release|x64.ActiveCfg = Release|x64
		{5DFEEA8B-BABA-4544-BF36-0A76A0D10C1B}.Release|x64.Build.0 = Release|x64
		{5DFEEA8B-BABA-4544-BF36-0A76A0D10C1B}.Release|x86.ActiveCfg = Release|Any CPU
		{5DFEEA8B-BABA-4544-BF36-0A76A0D10C1B}.Release|x86.Build.0 = Release|Any CPU
		{CB6D5FBC-0C13-437D-B4F3-A0EC4D5673B3}.Debug|Any CPU.ActiveCfg = Debug|Any CPU
		{CB6D5FBC-0C13-437D-B4F3-A0EC4D5673B3}.Debug|Any CPU.Build.0 = Debug|Any CPU
		{CB6D5FBC-0C13-437D-B4F3-A0EC4D5673B3}.Debug|x64.ActiveCfg = Debug|x64
		{CB6D5FBC-0C13-437D-B4F3-A0EC4D5673B3}.Debug|x64.Build.0 = Debug|x64
		{CB6D5FBC-0C13-437D-B4F3-A0EC4D5673B3}.Debug|x86.ActiveCfg = Debug|Any CPU
		{CB6D5FBC-0C13-437D-B4F3-A0EC4D5673B3}.Debug|x86.Build.0 = Debug|Any CPU
		{CB6D5FBC-0C13-437D-B4F3-A0EC4D5673B3}.Release|Any CPU.ActiveCfg = Release|Any CPU
		{CB6D5FBC-0C13-437D-B4F3-A0EC4D5673B3}.Release|Any CPU.Build.0 = Release|Any CPU
		{CB6D5FBC-0C13-437D-B4F3-A0EC4D5673B3}.Release|x64.ActiveCfg = Release|x64
		{CB6D5FBC-0C13-437D-B4F3-A0EC4D5673B3}.Release|x64.Build.0 = Release|x64
		{CB6D5FBC-0C13-437D-B4F3-A0EC4D5673B3}.Release|x86.ActiveCfg = Release|Any CPU
		{CB6D5FBC-0C13-437D-B4F3-A0EC4D5673B3}.Release|x86.Build.0 = Release|Any CPU
		{77007560-89DC-4E1F-9313-AE064A048AD4}.Debug|Any CPU.ActiveCfg = Debug|Any CPU
		{77007560-89DC-4E1F-9313-AE064A048AD4}.Debug|Any CPU.Build.0 = Debug|Any CPU
		{77007560-89DC-4E1F-9313-AE064A048AD4}.Debug|x64.ActiveCfg = Debug|x64
		{77007560-89DC-4E1F-9313-AE064A048AD4}.Debug|x64.Build.0 = Debug|x64
		{77007560-89DC-4E1F-9313-AE064A048AD4}.Debug|x86.ActiveCfg = Debug|Any CPU
		{77007560-89DC-4E1F-9313-AE064A048AD4}.Debug|x86.Build.0 = Debug|Any CPU
		{77007560-89DC-4E1F-9313-AE064A048AD4}.Release|Any CPU.ActiveCfg = Release|Any CPU
		{77007560-89DC-4E1F-9313-AE064A048AD4}.Release|Any CPU.Build.0 = Release|Any CPU
		{77007560-89DC-4E1F-9313-AE064A048AD4}.Release|x64.ActiveCfg = Release|x64
		{77007560-89DC-4E1F-9313-AE064A048AD4}.Release|x64.Build.0 = Release|x64
		{77007560-89DC-4E1F-9313-AE064A048AD4}.Release|x86.ActiveCfg = Release|Any CPU
		{77007560-89DC-4E1F-9313-AE064A048AD4}.Release|x86.Build.0 = Release|Any CPU
		{B7F58070-3C58-46AF-95D1-6FC0D99D48EE}.Debug|Any CPU.ActiveCfg = Debug|Any CPU
		{B7F58070-3C58-46AF-95D1-6FC0D99D48EE}.Debug|Any CPU.Build.0 = Debug|Any CPU
		{B7F58070-3C58-46AF-95D1-6FC0D99D48EE}.Debug|x64.ActiveCfg = Debug|x64
		{B7F58070-3C58-46AF-95D1-6FC0D99D48EE}.Debug|x64.Build.0 = Debug|x64
		{B7F58070-3C58-46AF-95D1-6FC0D99D48EE}.Debug|x86.ActiveCfg = Debug|Any CPU
		{B7F58070-3C58-46AF-95D1-6FC0D99D48EE}.Debug|x86.Build.0 = Debug|Any CPU
		{B7F58070-3C58-46AF-95D1-6FC0D99D48EE}.Release|Any CPU.ActiveCfg = Release|Any CPU
		{B7F58070-3C58-46AF-95D1-6FC0D99D48EE}.Release|Any CPU.Build.0 = Release|Any CPU
		{B7F58070-3C58-46AF-95D1-6FC0D99D48EE}.Release|x64.ActiveCfg = Release|x64
		{B7F58070-3C58-46AF-95D1-6FC0D99D48EE}.Release|x64.Build.0 = Release|x64
		{B7F58070-3C58-46AF-95D1-6FC0D99D48EE}.Release|x86.ActiveCfg = Release|Any CPU
		{B7F58070-3C58-46AF-95D1-6FC0D99D48EE}.Release|x86.Build.0 = Release|Any CPU
		{5DD82AD7-F344-45E3-92CC-96F8D07700AF}.Debug|Any CPU.ActiveCfg = Debug|Any CPU
		{5DD82AD7-F344-45E3-92CC-96F8D07700AF}.Debug|Any CPU.Build.0 = Debug|Any CPU
		{5DD82AD7-F344-45E3-92CC-96F8D07700AF}.Debug|x64.ActiveCfg = Debug|x64
		{5DD82AD7-F344-45E3-92CC-96F8D07700AF}.Debug|x64.Build.0 = Debug|x64
		{5DD82AD7-F344-45E3-92CC-96F8D07700AF}.Debug|x86.ActiveCfg = Debug|Any CPU
		{5DD82AD7-F344-45E3-92CC-96F8D07700AF}.Debug|x86.Build.0 = Debug|Any CPU
		{5DD82AD7-F344-45E3-92CC-96F8D07700AF}.Release|Any CPU.ActiveCfg = Release|Any CPU
		{5DD82AD7-F344-45E3-92CC-96F8D07700AF}.Release|Any CPU.Build.0 = Release|Any CPU
		{5DD82AD7-F344-45E3-92CC-96F8D07700AF}.Release|x64.ActiveCfg = Release|x64
		{5DD82AD7-F344-45E3-92CC-96F8D07700AF}.Release|x64.Build.0 = Release|x64
		{5DD82AD7-F344-45E3-92CC-96F8D07700AF}.Release|x86.ActiveCfg = Release|Any CPU
		{5DD82AD7-F344-45E3-92CC-96F8D07700AF}.Release|x86.Build.0 = Release|Any CPU
		{320107B2-D414-434B-AE0D-4D9F18FF49B8}.Debug|Any CPU.ActiveCfg = Debug|Any CPU
		{320107B2-D414-434B-AE0D-4D9F18FF49B8}.Debug|Any CPU.Build.0 = Debug|Any CPU
		{320107B2-D414-434B-AE0D-4D9F18FF49B8}.Debug|x64.ActiveCfg = Debug|x64
		{320107B2-D414-434B-AE0D-4D9F18FF49B8}.Debug|x64.Build.0 = Debug|x64
		{320107B2-D414-434B-AE0D-4D9F18FF49B8}.Debug|x86.ActiveCfg = Debug|Any CPU
		{320107B2-D414-434B-AE0D-4D9F18FF49B8}.Debug|x86.Build.0 = Debug|Any CPU
		{320107B2-D414-434B-AE0D-4D9F18FF49B8}.Release|Any CPU.ActiveCfg = Release|Any CPU
		{320107B2-D414-434B-AE0D-4D9F18FF49B8}.Release|Any CPU.Build.0 = Release|Any CPU
		{320107B2-D414-434B-AE0D-4D9F18FF49B8}.Release|x64.ActiveCfg = Release|x64
		{320107B2-D414-434B-AE0D-4D9F18FF49B8}.Release|x64.Build.0 = Release|x64
		{320107B2-D414-434B-AE0D-4D9F18FF49B8}.Release|x86.ActiveCfg = Release|Any CPU
		{320107B2-D414-434B-AE0D-4D9F18FF49B8}.Release|x86.Build.0 = Release|Any CPU
		{415DDC8A-A74D-4AFA-8FCB-2706A062A4FD}.Debug|Any CPU.ActiveCfg = Debug|Any CPU
		{415DDC8A-A74D-4AFA-8FCB-2706A062A4FD}.Debug|Any CPU.Build.0 = Debug|Any CPU
		{415DDC8A-A74D-4AFA-8FCB-2706A062A4FD}.Debug|x64.ActiveCfg = Debug|x64
		{415DDC8A-A74D-4AFA-8FCB-2706A062A4FD}.Debug|x64.Build.0 = Debug|x64
		{415DDC8A-A74D-4AFA-8FCB-2706A062A4FD}.Debug|x86.ActiveCfg = Debug|Any CPU
		{415DDC8A-A74D-4AFA-8FCB-2706A062A4FD}.Debug|x86.Build.0 = Debug|Any CPU
		{415DDC8A-A74D-4AFA-8FCB-2706A062A4FD}.Release|Any CPU.ActiveCfg = Release|Any CPU
		{415DDC8A-A74D-4AFA-8FCB-2706A062A4FD}.Release|Any CPU.Build.0 = Release|Any CPU
		{415DDC8A-A74D-4AFA-8FCB-2706A062A4FD}.Release|x64.ActiveCfg = Release|x64
		{415DDC8A-A74D-4AFA-8FCB-2706A062A4FD}.Release|x64.Build.0 = Release|x64
		{415DDC8A-A74D-4AFA-8FCB-2706A062A4FD}.Release|x86.ActiveCfg = Release|Any CPU
		{415DDC8A-A74D-4AFA-8FCB-2706A062A4FD}.Release|x86.Build.0 = Release|Any CPU
		{31E6B370-01F0-4489-832F-436CB97A6718}.Debug|Any CPU.ActiveCfg = Debug|Any CPU
		{31E6B370-01F0-4489-832F-436CB97A6718}.Debug|Any CPU.Build.0 = Debug|Any CPU
		{31E6B370-01F0-4489-832F-436CB97A6718}.Debug|x64.ActiveCfg = Debug|x64
		{31E6B370-01F0-4489-832F-436CB97A6718}.Debug|x64.Build.0 = Debug|x64
		{31E6B370-01F0-4489-832F-436CB97A6718}.Debug|x86.ActiveCfg = Debug|Any CPU
		{31E6B370-01F0-4489-832F-436CB97A6718}.Debug|x86.Build.0 = Debug|Any CPU
		{31E6B370-01F0-4489-832F-436CB97A6718}.Release|Any CPU.ActiveCfg = Release|Any CPU
		{31E6B370-01F0-4489-832F-436CB97A6718}.Release|Any CPU.Build.0 = Release|Any CPU
		{31E6B370-01F0-4489-832F-436CB97A6718}.Release|x64.ActiveCfg = Release|x64
		{31E6B370-01F0-4489-832F-436CB97A6718}.Release|x64.Build.0 = Release|x64
		{31E6B370-01F0-4489-832F-436CB97A6718}.Release|x86.ActiveCfg = Release|Any CPU
		{31E6B370-01F0-4489-832F-436CB97A6718}.Release|x86.Build.0 = Release|Any CPU
		{E3D04176-3758-4C9D-84F3-7A4D3859EAE5}.Debug|Any CPU.ActiveCfg = Debug|Any CPU
		{E3D04176-3758-4C9D-84F3-7A4D3859EAE5}.Debug|Any CPU.Build.0 = Debug|Any CPU
		{E3D04176-3758-4C9D-84F3-7A4D3859EAE5}.Debug|x64.ActiveCfg = Debug|x64
		{E3D04176-3758-4C9D-84F3-7A4D3859EAE5}.Debug|x64.Build.0 = Debug|x64
		{E3D04176-3758-4C9D-84F3-7A4D3859EAE5}.Debug|x86.ActiveCfg = Debug|Any CPU
		{E3D04176-3758-4C9D-84F3-7A4D3859EAE5}.Debug|x86.Build.0 = Debug|Any CPU
		{E3D04176-3758-4C9D-84F3-7A4D3859EAE5}.Release|Any CPU.ActiveCfg = Release|Any CPU
		{E3D04176-3758-4C9D-84F3-7A4D3859EAE5}.Release|Any CPU.Build.0 = Release|Any CPU
		{E3D04176-3758-4C9D-84F3-7A4D3859EAE5}.Release|x64.ActiveCfg = Release|x64
		{E3D04176-3758-4C9D-84F3-7A4D3859EAE5}.Release|x64.Build.0 = Release|x64
		{E3D04176-3758-4C9D-84F3-7A4D3859EAE5}.Release|x86.ActiveCfg = Release|Any CPU
		{E3D04176-3758-4C9D-84F3-7A4D3859EAE5}.Release|x86.Build.0 = Release|Any CPU
		{D4455C5B-2921-4122-A32D-B19380A11CA5}.Debug|Any CPU.ActiveCfg = Debug|Any CPU
		{D4455C5B-2921-4122-A32D-B19380A11CA5}.Debug|Any CPU.Build.0 = Debug|Any CPU
		{D4455C5B-2921-4122-A32D-B19380A11CA5}.Debug|x64.ActiveCfg = Debug|x64
		{D4455C5B-2921-4122-A32D-B19380A11CA5}.Debug|x64.Build.0 = Debug|x64
		{D4455C5B-2921-4122-A32D-B19380A11CA5}.Debug|x86.ActiveCfg = Debug|Any CPU
		{D4455C5B-2921-4122-A32D-B19380A11CA5}.Debug|x86.Build.0 = Debug|Any CPU
		{D4455C5B-2921-4122-A32D-B19380A11CA5}.Release|Any CPU.ActiveCfg = Release|Any CPU
		{D4455C5B-2921-4122-A32D-B19380A11CA5}.Release|Any CPU.Build.0 = Release|Any CPU
		{D4455C5B-2921-4122-A32D-B19380A11CA5}.Release|x64.ActiveCfg = Release|x64
		{D4455C5B-2921-4122-A32D-B19380A11CA5}.Release|x64.Build.0 = Release|x64
		{D4455C5B-2921-4122-A32D-B19380A11CA5}.Release|x86.ActiveCfg = Release|Any CPU
		{D4455C5B-2921-4122-A32D-B19380A11CA5}.Release|x86.Build.0 = Release|Any CPU
		{D60875A3-0DE2-409D-86A0-F540224D054C}.Debug|Any CPU.ActiveCfg = Debug|Any CPU
		{D60875A3-0DE2-409D-86A0-F540224D054C}.Debug|Any CPU.Build.0 = Debug|Any CPU
		{D60875A3-0DE2-409D-86A0-F540224D054C}.Debug|x64.ActiveCfg = Debug|x64
		{D60875A3-0DE2-409D-86A0-F540224D054C}.Debug|x64.Build.0 = Debug|x64
		{D60875A3-0DE2-409D-86A0-F540224D054C}.Debug|x86.ActiveCfg = Debug|Any CPU
		{D60875A3-0DE2-409D-86A0-F540224D054C}.Debug|x86.Build.0 = Debug|Any CPU
		{D60875A3-0DE2-409D-86A0-F540224D054C}.Release|Any CPU.ActiveCfg = Release|Any CPU
		{D60875A3-0DE2-409D-86A0-F540224D054C}.Release|Any CPU.Build.0 = Release|Any CPU
		{D60875A3-0DE2-409D-86A0-F540224D054C}.Release|x64.ActiveCfg = Release|x64
		{D60875A3-0DE2-409D-86A0-F540224D054C}.Release|x64.Build.0 = Release|x64
		{D60875A3-0DE2-409D-86A0-F540224D054C}.Release|x86.ActiveCfg = Release|Any CPU
		{D60875A3-0DE2-409D-86A0-F540224D054C}.Release|x86.Build.0 = Release|Any CPU
		{A50703DE-44B8-4DDE-8227-A5EE1E39EE84}.Debug|Any CPU.ActiveCfg = Debug|Any CPU
		{A50703DE-44B8-4DDE-8227-A5EE1E39EE84}.Debug|Any CPU.Build.0 = Debug|Any CPU
		{A50703DE-44B8-4DDE-8227-A5EE1E39EE84}.Debug|x64.ActiveCfg = Debug|x64
		{A50703DE-44B8-4DDE-8227-A5EE1E39EE84}.Debug|x64.Build.0 = Debug|x64
		{A50703DE-44B8-4DDE-8227-A5EE1E39EE84}.Debug|x86.ActiveCfg = Debug|Any CPU
		{A50703DE-44B8-4DDE-8227-A5EE1E39EE84}.Debug|x86.Build.0 = Debug|Any CPU
		{A50703DE-44B8-4DDE-8227-A5EE1E39EE84}.Release|Any CPU.ActiveCfg = Release|Any CPU
		{A50703DE-44B8-4DDE-8227-A5EE1E39EE84}.Release|Any CPU.Build.0 = Release|Any CPU
		{A50703DE-44B8-4DDE-8227-A5EE1E39EE84}.Release|x64.ActiveCfg = Release|x64
		{A50703DE-44B8-4DDE-8227-A5EE1E39EE84}.Release|x64.Build.0 = Release|x64
		{A50703DE-44B8-4DDE-8227-A5EE1E39EE84}.Release|x86.ActiveCfg = Release|Any CPU
		{A50703DE-44B8-4DDE-8227-A5EE1E39EE84}.Release|x86.Build.0 = Release|Any CPU
		{C827930A-0D05-4EE2-B9AC-DB1CF5144E16}.Debug|Any CPU.ActiveCfg = Debug|Any CPU
		{C827930A-0D05-4EE2-B9AC-DB1CF5144E16}.Debug|Any CPU.Build.0 = Debug|Any CPU
		{C827930A-0D05-4EE2-B9AC-DB1CF5144E16}.Debug|x64.ActiveCfg = Debug|x64
		{C827930A-0D05-4EE2-B9AC-DB1CF5144E16}.Debug|x64.Build.0 = Debug|x64
		{C827930A-0D05-4EE2-B9AC-DB1CF5144E16}.Debug|x86.ActiveCfg = Debug|Any CPU
		{C827930A-0D05-4EE2-B9AC-DB1CF5144E16}.Debug|x86.Build.0 = Debug|Any CPU
		{C827930A-0D05-4EE2-B9AC-DB1CF5144E16}.Release|Any CPU.ActiveCfg = Release|Any CPU
		{C827930A-0D05-4EE2-B9AC-DB1CF5144E16}.Release|Any CPU.Build.0 = Release|Any CPU
		{C827930A-0D05-4EE2-B9AC-DB1CF5144E16}.Release|x64.ActiveCfg = Release|x64
		{C827930A-0D05-4EE2-B9AC-DB1CF5144E16}.Release|x64.Build.0 = Release|x64
		{C827930A-0D05-4EE2-B9AC-DB1CF5144E16}.Release|x86.ActiveCfg = Release|Any CPU
		{C827930A-0D05-4EE2-B9AC-DB1CF5144E16}.Release|x86.Build.0 = Release|Any CPU
		{E3842263-E081-49BA-A1B4-BBE82B24E2DB}.Debug|Any CPU.ActiveCfg = Debug|Any CPU
		{E3842263-E081-49BA-A1B4-BBE82B24E2DB}.Debug|Any CPU.Build.0 = Debug|Any CPU
		{E3842263-E081-49BA-A1B4-BBE82B24E2DB}.Debug|x64.ActiveCfg = Debug|x64
		{E3842263-E081-49BA-A1B4-BBE82B24E2DB}.Debug|x64.Build.0 = Debug|x64
		{E3842263-E081-49BA-A1B4-BBE82B24E2DB}.Debug|x86.ActiveCfg = Debug|Any CPU
		{E3842263-E081-49BA-A1B4-BBE82B24E2DB}.Debug|x86.Build.0 = Debug|Any CPU
		{E3842263-E081-49BA-A1B4-BBE82B24E2DB}.Release|Any CPU.ActiveCfg = Release|Any CPU
		{E3842263-E081-49BA-A1B4-BBE82B24E2DB}.Release|Any CPU.Build.0 = Release|Any CPU
		{E3842263-E081-49BA-A1B4-BBE82B24E2DB}.Release|x64.ActiveCfg = Release|x64
		{E3842263-E081-49BA-A1B4-BBE82B24E2DB}.Release|x64.Build.0 = Release|x64
		{E3842263-E081-49BA-A1B4-BBE82B24E2DB}.Release|x86.ActiveCfg = Release|Any CPU
		{E3842263-E081-49BA-A1B4-BBE82B24E2DB}.Release|x86.Build.0 = Release|Any CPU
		{0F9427B1-792E-4C35-97D8-22A9494CE28F}.Debug|Any CPU.ActiveCfg = Debug|Any CPU
		{0F9427B1-792E-4C35-97D8-22A9494CE28F}.Debug|Any CPU.Build.0 = Debug|Any CPU
		{0F9427B1-792E-4C35-97D8-22A9494CE28F}.Debug|x64.ActiveCfg = Debug|x64
		{0F9427B1-792E-4C35-97D8-22A9494CE28F}.Debug|x64.Build.0 = Debug|x64
		{0F9427B1-792E-4C35-97D8-22A9494CE28F}.Debug|x86.ActiveCfg = Debug|Any CPU
		{0F9427B1-792E-4C35-97D8-22A9494CE28F}.Debug|x86.Build.0 = Debug|Any CPU
		{0F9427B1-792E-4C35-97D8-22A9494CE28F}.Release|Any CPU.ActiveCfg = Release|Any CPU
		{0F9427B1-792E-4C35-97D8-22A9494CE28F}.Release|Any CPU.Build.0 = Release|Any CPU
		{0F9427B1-792E-4C35-97D8-22A9494CE28F}.Release|x64.ActiveCfg = Release|x64
		{0F9427B1-792E-4C35-97D8-22A9494CE28F}.Release|x64.Build.0 = Release|x64
		{0F9427B1-792E-4C35-97D8-22A9494CE28F}.Release|x86.ActiveCfg = Release|Any CPU
		{0F9427B1-792E-4C35-97D8-22A9494CE28F}.Release|x86.Build.0 = Release|Any CPU
		{51A5DA32-159C-4888-B6DD-798AEEE70364}.Debug|Any CPU.ActiveCfg = Debug|Any CPU
		{51A5DA32-159C-4888-B6DD-798AEEE70364}.Debug|Any CPU.Build.0 = Debug|Any CPU
		{51A5DA32-159C-4888-B6DD-798AEEE70364}.Debug|x64.ActiveCfg = Debug|x64
		{51A5DA32-159C-4888-B6DD-798AEEE70364}.Debug|x64.Build.0 = Debug|x64
		{51A5DA32-159C-4888-B6DD-798AEEE70364}.Debug|x86.ActiveCfg = Debug|Any CPU
		{51A5DA32-159C-4888-B6DD-798AEEE70364}.Debug|x86.Build.0 = Debug|Any CPU
		{51A5DA32-159C-4888-B6DD-798AEEE70364}.Release|Any CPU.ActiveCfg = Release|Any CPU
		{51A5DA32-159C-4888-B6DD-798AEEE70364}.Release|Any CPU.Build.0 = Release|Any CPU
		{51A5DA32-159C-4888-B6DD-798AEEE70364}.Release|x64.ActiveCfg = Release|x64
		{51A5DA32-159C-4888-B6DD-798AEEE70364}.Release|x64.Build.0 = Release|x64
		{51A5DA32-159C-4888-B6DD-798AEEE70364}.Release|x86.ActiveCfg = Release|Any CPU
		{51A5DA32-159C-4888-B6DD-798AEEE70364}.Release|x86.Build.0 = Release|Any CPU
		{EB1E2E94-D6FB-49DF-8036-9BF910E3B7AA}.Debug|Any CPU.ActiveCfg = Debug|Any CPU
		{EB1E2E94-D6FB-49DF-8036-9BF910E3B7AA}.Debug|Any CPU.Build.0 = Debug|Any CPU
		{EB1E2E94-D6FB-49DF-8036-9BF910E3B7AA}.Debug|x64.ActiveCfg = Debug|x64
		{EB1E2E94-D6FB-49DF-8036-9BF910E3B7AA}.Debug|x64.Build.0 = Debug|x64
		{EB1E2E94-D6FB-49DF-8036-9BF910E3B7AA}.Debug|x86.ActiveCfg = Debug|Any CPU
		{EB1E2E94-D6FB-49DF-8036-9BF910E3B7AA}.Debug|x86.Build.0 = Debug|Any CPU
		{EB1E2E94-D6FB-49DF-8036-9BF910E3B7AA}.Release|Any CPU.ActiveCfg = Release|Any CPU
		{EB1E2E94-D6FB-49DF-8036-9BF910E3B7AA}.Release|Any CPU.Build.0 = Release|Any CPU
		{EB1E2E94-D6FB-49DF-8036-9BF910E3B7AA}.Release|x64.ActiveCfg = Release|x64
		{EB1E2E94-D6FB-49DF-8036-9BF910E3B7AA}.Release|x64.Build.0 = Release|x64
		{EB1E2E94-D6FB-49DF-8036-9BF910E3B7AA}.Release|x86.ActiveCfg = Release|Any CPU
		{EB1E2E94-D6FB-49DF-8036-9BF910E3B7AA}.Release|x86.Build.0 = Release|Any CPU
		{2F936E24-723E-4E7A-B21C-D6F618C74651}.Debug|Any CPU.ActiveCfg = Debug|Any CPU
		{2F936E24-723E-4E7A-B21C-D6F618C74651}.Debug|Any CPU.Build.0 = Debug|Any CPU
		{2F936E24-723E-4E7A-B21C-D6F618C74651}.Debug|x64.ActiveCfg = Debug|x64
		{2F936E24-723E-4E7A-B21C-D6F618C74651}.Debug|x64.Build.0 = Debug|x64
		{2F936E24-723E-4E7A-B21C-D6F618C74651}.Debug|x86.ActiveCfg = Debug|Any CPU
		{2F936E24-723E-4E7A-B21C-D6F618C74651}.Debug|x86.Build.0 = Debug|Any CPU
		{2F936E24-723E-4E7A-B21C-D6F618C74651}.Release|Any CPU.ActiveCfg = Release|Any CPU
		{2F936E24-723E-4E7A-B21C-D6F618C74651}.Release|Any CPU.Build.0 = Release|Any CPU
		{2F936E24-723E-4E7A-B21C-D6F618C74651}.Release|x64.ActiveCfg = Release|x64
		{2F936E24-723E-4E7A-B21C-D6F618C74651}.Release|x64.Build.0 = Release|x64
		{2F936E24-723E-4E7A-B21C-D6F618C74651}.Release|x86.ActiveCfg = Release|Any CPU
		{2F936E24-723E-4E7A-B21C-D6F618C74651}.Release|x86.Build.0 = Release|Any CPU
		{44130F44-350C-41EA-B6F4-5FEE5D11918B}.Debug|Any CPU.ActiveCfg = Debug|Any CPU
		{44130F44-350C-41EA-B6F4-5FEE5D11918B}.Debug|x64.ActiveCfg = Debug|x64
		{44130F44-350C-41EA-B6F4-5FEE5D11918B}.Debug|x86.ActiveCfg = Debug|Any CPU
		{44130F44-350C-41EA-B6F4-5FEE5D11918B}.Debug|x86.Build.0 = Debug|Any CPU
		{44130F44-350C-41EA-B6F4-5FEE5D11918B}.Release|Any CPU.ActiveCfg = Release|Any CPU
		{44130F44-350C-41EA-B6F4-5FEE5D11918B}.Release|Any CPU.Build.0 = Release|Any CPU
		{44130F44-350C-41EA-B6F4-5FEE5D11918B}.Release|x64.ActiveCfg = Release|x64
		{44130F44-350C-41EA-B6F4-5FEE5D11918B}.Release|x86.ActiveCfg = Release|Any CPU
		{44130F44-350C-41EA-B6F4-5FEE5D11918B}.Release|x86.Build.0 = Release|Any CPU
		{F321D5AD-2A83-47CE-98C3-7442E0552CE5}.Debug|Any CPU.ActiveCfg = Debug|Any CPU
		{F321D5AD-2A83-47CE-98C3-7442E0552CE5}.Debug|x64.ActiveCfg = Debug|x64
		{F321D5AD-2A83-47CE-98C3-7442E0552CE5}.Debug|x86.ActiveCfg = Debug|Any CPU
		{F321D5AD-2A83-47CE-98C3-7442E0552CE5}.Debug|x86.Build.0 = Debug|Any CPU
		{F321D5AD-2A83-47CE-98C3-7442E0552CE5}.Release|Any CPU.ActiveCfg = Release|Any CPU
		{F321D5AD-2A83-47CE-98C3-7442E0552CE5}.Release|Any CPU.Build.0 = Release|Any CPU
		{F321D5AD-2A83-47CE-98C3-7442E0552CE5}.Release|x64.ActiveCfg = Release|x64
		{F321D5AD-2A83-47CE-98C3-7442E0552CE5}.Release|x86.ActiveCfg = Release|Any CPU
		{F321D5AD-2A83-47CE-98C3-7442E0552CE5}.Release|x86.Build.0 = Release|Any CPU
		{492D62C4-38C5-46CA-880E-6817EA791069}.Debug|Any CPU.ActiveCfg = Debug|Any CPU
		{492D62C4-38C5-46CA-880E-6817EA791069}.Debug|x64.ActiveCfg = Debug|x64
		{492D62C4-38C5-46CA-880E-6817EA791069}.Debug|x86.ActiveCfg = Debug|Any CPU
		{492D62C4-38C5-46CA-880E-6817EA791069}.Debug|x86.Build.0 = Debug|Any CPU
		{492D62C4-38C5-46CA-880E-6817EA791069}.Release|Any CPU.ActiveCfg = Release|Any CPU
		{492D62C4-38C5-46CA-880E-6817EA791069}.Release|Any CPU.Build.0 = Release|Any CPU
		{492D62C4-38C5-46CA-880E-6817EA791069}.Release|x64.ActiveCfg = Release|x64
		{492D62C4-38C5-46CA-880E-6817EA791069}.Release|x86.ActiveCfg = Release|Any CPU
		{492D62C4-38C5-46CA-880E-6817EA791069}.Release|x86.Build.0 = Release|Any CPU
		{13FBAD97-E771-4506-9313-7C6066C38F72}.Debug|Any CPU.ActiveCfg = Debug|Any CPU
		{13FBAD97-E771-4506-9313-7C6066C38F72}.Debug|x64.ActiveCfg = Debug|x64
		{13FBAD97-E771-4506-9313-7C6066C38F72}.Debug|x86.ActiveCfg = Debug|Any CPU
		{13FBAD97-E771-4506-9313-7C6066C38F72}.Debug|x86.Build.0 = Debug|Any CPU
		{13FBAD97-E771-4506-9313-7C6066C38F72}.Release|Any CPU.ActiveCfg = Release|Any CPU
		{13FBAD97-E771-4506-9313-7C6066C38F72}.Release|Any CPU.Build.0 = Release|Any CPU
		{13FBAD97-E771-4506-9313-7C6066C38F72}.Release|x64.ActiveCfg = Release|x64
		{13FBAD97-E771-4506-9313-7C6066C38F72}.Release|x86.ActiveCfg = Release|Any CPU
		{13FBAD97-E771-4506-9313-7C6066C38F72}.Release|x86.Build.0 = Release|Any CPU
		{DEE7E1E7-BABA-4320-BA9E-E10C55E80252}.Debug|Any CPU.ActiveCfg = Debug|Any CPU
		{DEE7E1E7-BABA-4320-BA9E-E10C55E80252}.Debug|x64.ActiveCfg = Debug|x64
		{DEE7E1E7-BABA-4320-BA9E-E10C55E80252}.Debug|x86.ActiveCfg = Debug|Any CPU
		{DEE7E1E7-BABA-4320-BA9E-E10C55E80252}.Debug|x86.Build.0 = Debug|Any CPU
		{DEE7E1E7-BABA-4320-BA9E-E10C55E80252}.Release|Any CPU.ActiveCfg = Release|Any CPU
		{DEE7E1E7-BABA-4320-BA9E-E10C55E80252}.Release|Any CPU.Build.0 = Release|Any CPU
		{DEE7E1E7-BABA-4320-BA9E-E10C55E80252}.Release|x64.ActiveCfg = Release|x64
		{DEE7E1E7-BABA-4320-BA9E-E10C55E80252}.Release|x86.ActiveCfg = Release|Any CPU
		{DEE7E1E7-BABA-4320-BA9E-E10C55E80252}.Release|x86.Build.0 = Release|Any CPU
		{17C0D5DE-C72D-4A06-A12C-445EBCF3B9EA}.Debug|Any CPU.ActiveCfg = Debug|Any CPU
		{17C0D5DE-C72D-4A06-A12C-445EBCF3B9EA}.Debug|Any CPU.Build.0 = Debug|Any CPU
		{17C0D5DE-C72D-4A06-A12C-445EBCF3B9EA}.Debug|x64.ActiveCfg = Debug|x64
		{17C0D5DE-C72D-4A06-A12C-445EBCF3B9EA}.Debug|x64.Build.0 = Debug|x64
		{17C0D5DE-C72D-4A06-A12C-445EBCF3B9EA}.Debug|x86.ActiveCfg = Debug|Any CPU
		{17C0D5DE-C72D-4A06-A12C-445EBCF3B9EA}.Debug|x86.Build.0 = Debug|Any CPU
		{17C0D5DE-C72D-4A06-A12C-445EBCF3B9EA}.Release|Any CPU.ActiveCfg = Release|Any CPU
		{17C0D5DE-C72D-4A06-A12C-445EBCF3B9EA}.Release|Any CPU.Build.0 = Release|Any CPU
		{17C0D5DE-C72D-4A06-A12C-445EBCF3B9EA}.Release|x64.ActiveCfg = Release|x64
		{17C0D5DE-C72D-4A06-A12C-445EBCF3B9EA}.Release|x64.Build.0 = Release|x64
		{17C0D5DE-C72D-4A06-A12C-445EBCF3B9EA}.Release|x86.ActiveCfg = Release|Any CPU
		{17C0D5DE-C72D-4A06-A12C-445EBCF3B9EA}.Release|x86.Build.0 = Release|Any CPU
		{959D7F6B-0426-452C-8962-C0F4DADBE3B4}.Debug|Any CPU.ActiveCfg = Debug|Any CPU
		{959D7F6B-0426-452C-8962-C0F4DADBE3B4}.Debug|Any CPU.Build.0 = Debug|Any CPU
		{959D7F6B-0426-452C-8962-C0F4DADBE3B4}.Debug|x64.ActiveCfg = Debug|x64
		{959D7F6B-0426-452C-8962-C0F4DADBE3B4}.Debug|x64.Build.0 = Debug|x64
		{959D7F6B-0426-452C-8962-C0F4DADBE3B4}.Debug|x86.ActiveCfg = Debug|Any CPU
		{959D7F6B-0426-452C-8962-C0F4DADBE3B4}.Debug|x86.Build.0 = Debug|Any CPU
		{959D7F6B-0426-452C-8962-C0F4DADBE3B4}.Release|Any CPU.ActiveCfg = Release|Any CPU
		{959D7F6B-0426-452C-8962-C0F4DADBE3B4}.Release|Any CPU.Build.0 = Release|Any CPU
		{959D7F6B-0426-452C-8962-C0F4DADBE3B4}.Release|x64.ActiveCfg = Release|x64
		{959D7F6B-0426-452C-8962-C0F4DADBE3B4}.Release|x64.Build.0 = Release|x64
		{959D7F6B-0426-452C-8962-C0F4DADBE3B4}.Release|x86.ActiveCfg = Release|Any CPU
		{959D7F6B-0426-452C-8962-C0F4DADBE3B4}.Release|x86.Build.0 = Release|Any CPU
		{8B10C72D-9F33-4290-B562-44CF1F718FA5}.Debug|Any CPU.ActiveCfg = Debug|Any CPU
		{8B10C72D-9F33-4290-B562-44CF1F718FA5}.Debug|Any CPU.Build.0 = Debug|Any CPU
		{8B10C72D-9F33-4290-B562-44CF1F718FA5}.Debug|x64.ActiveCfg = Debug|x64
		{8B10C72D-9F33-4290-B562-44CF1F718FA5}.Debug|x64.Build.0 = Debug|x64
		{8B10C72D-9F33-4290-B562-44CF1F718FA5}.Debug|x86.ActiveCfg = Debug|Any CPU
		{8B10C72D-9F33-4290-B562-44CF1F718FA5}.Debug|x86.Build.0 = Debug|Any CPU
		{8B10C72D-9F33-4290-B562-44CF1F718FA5}.Release|Any CPU.ActiveCfg = Release|Any CPU
		{8B10C72D-9F33-4290-B562-44CF1F718FA5}.Release|Any CPU.Build.0 = Release|Any CPU
		{8B10C72D-9F33-4290-B562-44CF1F718FA5}.Release|x64.ActiveCfg = Release|x64
		{8B10C72D-9F33-4290-B562-44CF1F718FA5}.Release|x64.Build.0 = Release|x64
		{8B10C72D-9F33-4290-B562-44CF1F718FA5}.Release|x86.ActiveCfg = Release|Any CPU
		{8B10C72D-9F33-4290-B562-44CF1F718FA5}.Release|x86.Build.0 = Release|Any CPU
		{7EE26A5B-63E6-450E-B4BD-66D0205FB492}.Debug|Any CPU.ActiveCfg = Debug|Any CPU
		{7EE26A5B-63E6-450E-B4BD-66D0205FB492}.Debug|Any CPU.Build.0 = Debug|Any CPU
		{7EE26A5B-63E6-450E-B4BD-66D0205FB492}.Debug|x64.ActiveCfg = Debug|x64
		{7EE26A5B-63E6-450E-B4BD-66D0205FB492}.Debug|x64.Build.0 = Debug|x64
		{7EE26A5B-63E6-450E-B4BD-66D0205FB492}.Debug|x86.ActiveCfg = Debug|Any CPU
		{7EE26A5B-63E6-450E-B4BD-66D0205FB492}.Debug|x86.Build.0 = Debug|Any CPU
		{7EE26A5B-63E6-450E-B4BD-66D0205FB492}.Release|Any CPU.ActiveCfg = Release|Any CPU
		{7EE26A5B-63E6-450E-B4BD-66D0205FB492}.Release|Any CPU.Build.0 = Release|Any CPU
		{7EE26A5B-63E6-450E-B4BD-66D0205FB492}.Release|x64.ActiveCfg = Release|x64
		{7EE26A5B-63E6-450E-B4BD-66D0205FB492}.Release|x64.Build.0 = Release|x64
		{7EE26A5B-63E6-450E-B4BD-66D0205FB492}.Release|x86.ActiveCfg = Release|Any CPU
		{7EE26A5B-63E6-450E-B4BD-66D0205FB492}.Release|x86.Build.0 = Release|Any CPU
		{E41CF673-FE71-4AAE-A8FC-B571A36C1211}.Debug|Any CPU.ActiveCfg = Debug|Any CPU
		{E41CF673-FE71-4AAE-A8FC-B571A36C1211}.Debug|Any CPU.Build.0 = Debug|Any CPU
		{E41CF673-FE71-4AAE-A8FC-B571A36C1211}.Debug|x64.ActiveCfg = Debug|x64
		{E41CF673-FE71-4AAE-A8FC-B571A36C1211}.Debug|x64.Build.0 = Debug|x64
		{E41CF673-FE71-4AAE-A8FC-B571A36C1211}.Debug|x86.ActiveCfg = Debug|Any CPU
		{E41CF673-FE71-4AAE-A8FC-B571A36C1211}.Debug|x86.Build.0 = Debug|Any CPU
		{E41CF673-FE71-4AAE-A8FC-B571A36C1211}.Release|Any CPU.ActiveCfg = Release|Any CPU
		{E41CF673-FE71-4AAE-A8FC-B571A36C1211}.Release|Any CPU.Build.0 = Release|Any CPU
		{E41CF673-FE71-4AAE-A8FC-B571A36C1211}.Release|x64.ActiveCfg = Release|x64
		{E41CF673-FE71-4AAE-A8FC-B571A36C1211}.Release|x64.Build.0 = Release|x64
		{E41CF673-FE71-4AAE-A8FC-B571A36C1211}.Release|x86.ActiveCfg = Release|Any CPU
		{E41CF673-FE71-4AAE-A8FC-B571A36C1211}.Release|x86.Build.0 = Release|Any CPU
		{C868CD42-B7D3-4C2D-B4A8-6BF0E94BD620}.Debug|Any CPU.ActiveCfg = Debug|Any CPU
		{C868CD42-B7D3-4C2D-B4A8-6BF0E94BD620}.Debug|Any CPU.Build.0 = Debug|Any CPU
		{C868CD42-B7D3-4C2D-B4A8-6BF0E94BD620}.Debug|x64.ActiveCfg = Debug|x64
		{C868CD42-B7D3-4C2D-B4A8-6BF0E94BD620}.Debug|x64.Build.0 = Debug|x64
		{C868CD42-B7D3-4C2D-B4A8-6BF0E94BD620}.Debug|x86.ActiveCfg = Debug|Any CPU
		{C868CD42-B7D3-4C2D-B4A8-6BF0E94BD620}.Debug|x86.Build.0 = Debug|Any CPU
		{C868CD42-B7D3-4C2D-B4A8-6BF0E94BD620}.Release|Any CPU.ActiveCfg = Release|Any CPU
		{C868CD42-B7D3-4C2D-B4A8-6BF0E94BD620}.Release|Any CPU.Build.0 = Release|Any CPU
		{C868CD42-B7D3-4C2D-B4A8-6BF0E94BD620}.Release|x64.ActiveCfg = Release|x64
		{C868CD42-B7D3-4C2D-B4A8-6BF0E94BD620}.Release|x64.Build.0 = Release|x64
		{C868CD42-B7D3-4C2D-B4A8-6BF0E94BD620}.Release|x86.ActiveCfg = Release|Any CPU
		{C868CD42-B7D3-4C2D-B4A8-6BF0E94BD620}.Release|x86.Build.0 = Release|Any CPU
		{0CC9E320-7E0A-4D77-ADBD-021FF590BD06}.Debug|Any CPU.ActiveCfg = Debug|Any CPU
		{0CC9E320-7E0A-4D77-ADBD-021FF590BD06}.Debug|Any CPU.Build.0 = Debug|Any CPU
		{0CC9E320-7E0A-4D77-ADBD-021FF590BD06}.Debug|x64.ActiveCfg = Debug|x64
		{0CC9E320-7E0A-4D77-ADBD-021FF590BD06}.Debug|x64.Build.0 = Debug|x64
		{0CC9E320-7E0A-4D77-ADBD-021FF590BD06}.Debug|x86.ActiveCfg = Debug|Any CPU
		{0CC9E320-7E0A-4D77-ADBD-021FF590BD06}.Debug|x86.Build.0 = Debug|Any CPU
		{0CC9E320-7E0A-4D77-ADBD-021FF590BD06}.Release|Any CPU.ActiveCfg = Release|Any CPU
		{0CC9E320-7E0A-4D77-ADBD-021FF590BD06}.Release|Any CPU.Build.0 = Release|Any CPU
		{0CC9E320-7E0A-4D77-ADBD-021FF590BD06}.Release|x64.ActiveCfg = Release|x64
		{0CC9E320-7E0A-4D77-ADBD-021FF590BD06}.Release|x64.Build.0 = Release|x64
		{0CC9E320-7E0A-4D77-ADBD-021FF590BD06}.Release|x86.ActiveCfg = Release|Any CPU
		{0CC9E320-7E0A-4D77-ADBD-021FF590BD06}.Release|x86.Build.0 = Release|Any CPU
		{DC325A78-B3CA-4717-89C6-28FC15A385D7}.Debug|Any CPU.ActiveCfg = Debug|Any CPU
		{DC325A78-B3CA-4717-89C6-28FC15A385D7}.Debug|Any CPU.Build.0 = Debug|Any CPU
		{DC325A78-B3CA-4717-89C6-28FC15A385D7}.Debug|x64.ActiveCfg = Debug|x64
		{DC325A78-B3CA-4717-89C6-28FC15A385D7}.Debug|x64.Build.0 = Debug|x64
		{DC325A78-B3CA-4717-89C6-28FC15A385D7}.Debug|x86.ActiveCfg = Debug|Any CPU
		{DC325A78-B3CA-4717-89C6-28FC15A385D7}.Debug|x86.Build.0 = Debug|Any CPU
		{DC325A78-B3CA-4717-89C6-28FC15A385D7}.Release|Any CPU.ActiveCfg = Release|Any CPU
		{DC325A78-B3CA-4717-89C6-28FC15A385D7}.Release|Any CPU.Build.0 = Release|Any CPU
		{DC325A78-B3CA-4717-89C6-28FC15A385D7}.Release|x64.ActiveCfg = Release|x64
		{DC325A78-B3CA-4717-89C6-28FC15A385D7}.Release|x64.Build.0 = Release|x64
		{DC325A78-B3CA-4717-89C6-28FC15A385D7}.Release|x86.ActiveCfg = Release|Any CPU
		{DC325A78-B3CA-4717-89C6-28FC15A385D7}.Release|x86.Build.0 = Release|Any CPU
		{EE2FD2EF-1F6D-4AE6-B768-B788CDCFC250}.Debug|Any CPU.ActiveCfg = Debug|Any CPU
		{EE2FD2EF-1F6D-4AE6-B768-B788CDCFC250}.Debug|Any CPU.Build.0 = Debug|Any CPU
		{EE2FD2EF-1F6D-4AE6-B768-B788CDCFC250}.Debug|x64.ActiveCfg = Debug|Any CPU
		{EE2FD2EF-1F6D-4AE6-B768-B788CDCFC250}.Debug|x64.Build.0 = Debug|Any CPU
		{EE2FD2EF-1F6D-4AE6-B768-B788CDCFC250}.Debug|x86.ActiveCfg = Debug|Any CPU
		{EE2FD2EF-1F6D-4AE6-B768-B788CDCFC250}.Debug|x86.Build.0 = Debug|Any CPU
		{EE2FD2EF-1F6D-4AE6-B768-B788CDCFC250}.Release|Any CPU.ActiveCfg = Release|Any CPU
		{EE2FD2EF-1F6D-4AE6-B768-B788CDCFC250}.Release|Any CPU.Build.0 = Release|Any CPU
		{EE2FD2EF-1F6D-4AE6-B768-B788CDCFC250}.Release|x64.ActiveCfg = Release|Any CPU
		{EE2FD2EF-1F6D-4AE6-B768-B788CDCFC250}.Release|x64.Build.0 = Release|Any CPU
		{EE2FD2EF-1F6D-4AE6-B768-B788CDCFC250}.Release|x86.ActiveCfg = Release|Any CPU
		{EE2FD2EF-1F6D-4AE6-B768-B788CDCFC250}.Release|x86.Build.0 = Release|Any CPU
		{4F0BAA58-3B45-4136-8095-445D406B4D23}.Debug|Any CPU.ActiveCfg = Debug|Any CPU
		{4F0BAA58-3B45-4136-8095-445D406B4D23}.Debug|Any CPU.Build.0 = Debug|Any CPU
		{4F0BAA58-3B45-4136-8095-445D406B4D23}.Debug|x64.ActiveCfg = Debug|Any CPU
		{4F0BAA58-3B45-4136-8095-445D406B4D23}.Debug|x64.Build.0 = Debug|Any CPU
		{4F0BAA58-3B45-4136-8095-445D406B4D23}.Debug|x86.ActiveCfg = Debug|Any CPU
		{4F0BAA58-3B45-4136-8095-445D406B4D23}.Debug|x86.Build.0 = Debug|Any CPU
		{4F0BAA58-3B45-4136-8095-445D406B4D23}.Release|Any CPU.ActiveCfg = Release|Any CPU
		{4F0BAA58-3B45-4136-8095-445D406B4D23}.Release|Any CPU.Build.0 = Release|Any CPU
		{4F0BAA58-3B45-4136-8095-445D406B4D23}.Release|x64.ActiveCfg = Release|Any CPU
		{4F0BAA58-3B45-4136-8095-445D406B4D23}.Release|x64.Build.0 = Release|Any CPU
		{4F0BAA58-3B45-4136-8095-445D406B4D23}.Release|x86.ActiveCfg = Release|Any CPU
		{4F0BAA58-3B45-4136-8095-445D406B4D23}.Release|x86.Build.0 = Release|Any CPU
	EndGlobalSection
	GlobalSection(SolutionProperties) = preSolution
		HideSolutionNode = FALSE
	EndGlobalSection
	GlobalSection(NestedProjects) = preSolution
		{FAD2A8C8-A1B4-4A3C-8E37-0388C0E3733C} = {CCDC1DAB-3E49-49D3-8D84-661C080F52BA}
		{27C692A7-9601-43FB-8243-42B997107649} = {CCDC1DAB-3E49-49D3-8D84-661C080F52BA}
		{DA54313C-4B98-49B1-A8F9-B5827F121886} = {CCDC1DAB-3E49-49D3-8D84-661C080F52BA}
		{9EF43EE7-B520-42D9-A75E-2D2887FD234C} = {09A01014-FD83-4157-9A9D-A33A72E1A42E}
		{6A9C99E7-2552-4A6C-B26E-2D727C5D85CE} = {C396B2B2-5608-4CB3-92B7-653C0333E82E}
		{AD573873-C8E6-4EA3-93F5-0D39A92FC9F6} = {C396B2B2-5608-4CB3-92B7-653C0333E82E}
		{DB1E7BD6-7FE0-4CDD-8B6D-EDBB0D156B41} = {09A01014-FD83-4157-9A9D-A33A72E1A42E}
		{E7EC52DC-8650-4CF0-BCAB-ED8A9473D2CF} = {74215D32-1746-4835-B5DC-D6D4CD0838BF}
		{2AB54CE2-E09B-40B4-9CBF-184B3E770B0D} = {C396B2B2-5608-4CB3-92B7-653C0333E82E}
		{6D9D31A6-6B44-4ABC-9A86-628FF633681D} = {6B1D11C7-F318-4D5A-928C-FD2D4CF6400F}
		{2F8BEF84-3C02-48A4-A576-FBF41E3FFFDD} = {09A01014-FD83-4157-9A9D-A33A72E1A42E}
		{338FEFD0-B7FA-46DB-8041-C5ED7778E6C0} = {F520993E-61D9-4D25-8CC1-6A778784E768}
		{5DFEEA8B-BABA-4544-BF36-0A76A0D10C1B} = {F520993E-61D9-4D25-8CC1-6A778784E768}
		{CB6D5FBC-0C13-437D-B4F3-A0EC4D5673B3} = {F520993E-61D9-4D25-8CC1-6A778784E768}
		{77007560-89DC-4E1F-9313-AE064A048AD4} = {F520993E-61D9-4D25-8CC1-6A778784E768}
		{B7F58070-3C58-46AF-95D1-6FC0D99D48EE} = {F520993E-61D9-4D25-8CC1-6A778784E768}
		{5DD82AD7-F344-45E3-92CC-96F8D07700AF} = {F520993E-61D9-4D25-8CC1-6A778784E768}
		{320107B2-D414-434B-AE0D-4D9F18FF49B8} = {F520993E-61D9-4D25-8CC1-6A778784E768}
		{415DDC8A-A74D-4AFA-8FCB-2706A062A4FD} = {F520993E-61D9-4D25-8CC1-6A778784E768}
		{31E6B370-01F0-4489-832F-436CB97A6718} = {F520993E-61D9-4D25-8CC1-6A778784E768}
		{E3D04176-3758-4C9D-84F3-7A4D3859EAE5} = {F520993E-61D9-4D25-8CC1-6A778784E768}
		{D4455C5B-2921-4122-A32D-B19380A11CA5} = {F520993E-61D9-4D25-8CC1-6A778784E768}
		{D60875A3-0DE2-409D-86A0-F540224D054C} = {F520993E-61D9-4D25-8CC1-6A778784E768}
		{A50703DE-44B8-4DDE-8227-A5EE1E39EE84} = {F520993E-61D9-4D25-8CC1-6A778784E768}
		{C827930A-0D05-4EE2-B9AC-DB1CF5144E16} = {F520993E-61D9-4D25-8CC1-6A778784E768}
		{E3842263-E081-49BA-A1B4-BBE82B24E2DB} = {F520993E-61D9-4D25-8CC1-6A778784E768}
		{0F9427B1-792E-4C35-97D8-22A9494CE28F} = {F520993E-61D9-4D25-8CC1-6A778784E768}
		{51A5DA32-159C-4888-B6DD-798AEEE70364} = {F520993E-61D9-4D25-8CC1-6A778784E768}
		{EB1E2E94-D6FB-49DF-8036-9BF910E3B7AA} = {F520993E-61D9-4D25-8CC1-6A778784E768}
		{2F936E24-723E-4E7A-B21C-D6F618C74651} = {F520993E-61D9-4D25-8CC1-6A778784E768}
		{44130F44-350C-41EA-B6F4-5FEE5D11918B} = {7F924015-AC89-4658-8AA0-6A50FF8255B8}
		{F321D5AD-2A83-47CE-98C3-7442E0552CE5} = {7F924015-AC89-4658-8AA0-6A50FF8255B8}
		{492D62C4-38C5-46CA-880E-6817EA791069} = {7F924015-AC89-4658-8AA0-6A50FF8255B8}
		{13FBAD97-E771-4506-9313-7C6066C38F72} = {7F924015-AC89-4658-8AA0-6A50FF8255B8}
		{DEE7E1E7-BABA-4320-BA9E-E10C55E80252} = {7F924015-AC89-4658-8AA0-6A50FF8255B8}
		{17C0D5DE-C72D-4A06-A12C-445EBCF3B9EA} = {F520993E-61D9-4D25-8CC1-6A778784E768}
		{959D7F6B-0426-452C-8962-C0F4DADBE3B4} = {F520993E-61D9-4D25-8CC1-6A778784E768}
		{8B10C72D-9F33-4290-B562-44CF1F718FA5} = {F520993E-61D9-4D25-8CC1-6A778784E768}
		{7EE26A5B-63E6-450E-B4BD-66D0205FB492} = {C396B2B2-5608-4CB3-92B7-653C0333E82E}
		{E41CF673-FE71-4AAE-A8FC-B571A36C1211} = {C396B2B2-5608-4CB3-92B7-653C0333E82E}
		{C868CD42-B7D3-4C2D-B4A8-6BF0E94BD620} = {F520993E-61D9-4D25-8CC1-6A778784E768}
		{0CC9E320-7E0A-4D77-ADBD-021FF590BD06} = {F520993E-61D9-4D25-8CC1-6A778784E768}
		{DC325A78-B3CA-4717-89C6-28FC15A385D7} = {F520993E-61D9-4D25-8CC1-6A778784E768}
		{EE2FD2EF-1F6D-4AE6-B768-B788CDCFC250} = {09A01014-FD83-4157-9A9D-A33A72E1A42E}
		{4F0BAA58-3B45-4136-8095-445D406B4D23} = {C396B2B2-5608-4CB3-92B7-653C0333E82E}
	EndGlobalSection
EndGlobal
